// !$*UTF8*$!
{
	archiveVersion = 1;
	classes = {
	};
	objectVersion = 48;
	objects = {

/* Begin PBXBuildFile section */
		4C074DF8225EA89700123C06 /* Extra_file_in_blockmap.msix in Resources */ = {isa = PBXBuildFile; fileRef = 4C074DF7225EA89700123C06 /* Extra_file_in_blockmap.msix */; };
		4C074DFA225EA8AD00123C06 /* File_missing_from_blockmap.msix in Resources */ = {isa = PBXBuildFile; fileRef = 4C074DF9225EA8AD00123C06 /* File_missing_from_blockmap.msix */; };
		4C074DFC225EA8C100123C06 /* Invalid_Bad_Block.msix in Resources */ = {isa = PBXBuildFile; fileRef = 4C074DFB225EA8C100123C06 /* Invalid_Bad_Block.msix */; };
		4C074DFE225EA8D100123C06 /* Size_wrong_uncompressed.msix in Resources */ = {isa = PBXBuildFile; fileRef = 4C074DFD225EA8D100123C06 /* Size_wrong_uncompressed.msix */; };
		4C074DFF225EA90200123C06 /* Size_wrong_uncompressed.msix in CopyFiles */ = {isa = PBXBuildFile; fileRef = 4C074DFD225EA8D100123C06 /* Size_wrong_uncompressed.msix */; };
		4C074E00225EA90200123C06 /* Invalid_Bad_Block.msix in CopyFiles */ = {isa = PBXBuildFile; fileRef = 4C074DFB225EA8C100123C06 /* Invalid_Bad_Block.msix */; };
		4C074E01225EA90200123C06 /* File_missing_from_blockmap.msix in CopyFiles */ = {isa = PBXBuildFile; fileRef = 4C074DF9225EA8AD00123C06 /* File_missing_from_blockmap.msix */; };
		4C074E02225EA90200123C06 /* Extra_file_in_blockmap.msix in CopyFiles */ = {isa = PBXBuildFile; fileRef = 4C074DF7225EA89700123C06 /* Extra_file_in_blockmap.msix */; };
		4C14D5D52204CC2A0034C5CE /* libmsix.dylib in Frameworks */ = {isa = PBXBuildFile; fileRef = 4C14D5D32204CC2A0034C5CE /* libmsix.dylib */; };
		4C14D5D62204CC2A0034C5CE /* libmsixtestcommon.dylib in Frameworks */ = {isa = PBXBuildFile; fileRef = 4C14D5D42204CC2A0034C5CE /* libmsixtestcommon.dylib */; };
		4C14D5D72204CC400034C5CE /* libmsix.dylib in Copy Files */ = {isa = PBXBuildFile; fileRef = 4C14D5D32204CC2A0034C5CE /* libmsix.dylib */; settings = {ATTRIBUTES = (CodeSignOnCopy, ); }; };
		4C14D5D82204CC400034C5CE /* libmsixtestcommon.dylib in Copy Files */ = {isa = PBXBuildFile; fileRef = 4C14D5D42204CC2A0034C5CE /* libmsixtestcommon.dylib */; settings = {ATTRIBUTES = (CodeSignOnCopy, ); }; };
		4C7F376D20783FD2002942F4 /* BlockMapContainsPayloadPackage.appxbundle in CopyFiles */ = {isa = PBXBuildFile; fileRef = 4C7F375220783FC2002942F4 /* BlockMapContainsPayloadPackage.appxbundle */; };
		4C7F376E20783FD2002942F4 /* BlockMapIsMissing.appxbundle in CopyFiles */ = {isa = PBXBuildFile; fileRef = 4C7F375320783FC2002942F4 /* BlockMapIsMissing.appxbundle */; };
		4C7F376F20783FD2002942F4 /* BlockMapViolatesSchema.appxbundle in CopyFiles */ = {isa = PBXBuildFile; fileRef = 4C7F375420783FC2002942F4 /* BlockMapViolatesSchema.appxbundle */; };
		4C7F377020783FD2002942F4 /* ContainsNeutralAndX86AppPackages.appxbundle in CopyFiles */ = {isa = PBXBuildFile; fileRef = 4C7F375520783FC2002942F4 /* ContainsNeutralAndX86AppPackages.appxbundle */; };
		4C7F377120783FD2002942F4 /* ContainsNoPayload.appxbundle in CopyFiles */ = {isa = PBXBuildFile; fileRef = 4C7F375620783FC2002942F4 /* ContainsNoPayload.appxbundle */; };
		4C7F377220783FD2002942F4 /* ContainsOnlyResourcePackages.appxbundle in CopyFiles */ = {isa = PBXBuildFile; fileRef = 4C7F375720783FC2002942F4 /* ContainsOnlyResourcePackages.appxbundle */; };
		4C7F377320783FD2002942F4 /* ContainsTwoNeutralAppPackages.appxbundle in CopyFiles */ = {isa = PBXBuildFile; fileRef = 4C7F375820783FC2002942F4 /* ContainsTwoNeutralAppPackages.appxbundle */; };
		4C7F377420783FD2002942F4 /* MainBundle.appxbundle in CopyFiles */ = {isa = PBXBuildFile; fileRef = 4C7F375920783FC2002942F4 /* MainBundle.appxbundle */; };
		4C7F377520783FD2002942F4 /* ManifestDeclaresAppPackageForResourcePackage.appxbundle in CopyFiles */ = {isa = PBXBuildFile; fileRef = 4C7F375A20783FC2002942F4 /* ManifestDeclaresAppPackageForResourcePackage.appxbundle */; };
		4C7F377620783FD2002942F4 /* ManifestDeclaresResourcePackageForAppPackage.appxbundle in CopyFiles */ = {isa = PBXBuildFile; fileRef = 4C7F375B20783FC2002942F4 /* ManifestDeclaresResourcePackageForAppPackage.appxbundle */; };
		4C7F377720783FD2002942F4 /* ManifestHasExtraPackage.appxbundle in CopyFiles */ = {isa = PBXBuildFile; fileRef = 4C7F375C20783FC2002942F4 /* ManifestHasExtraPackage.appxbundle */; };
		4C7F377820783FD2002942F4 /* ManifestIsMissing.appxbundle in CopyFiles */ = {isa = PBXBuildFile; fileRef = 4C7F375D20783FC2002942F4 /* ManifestIsMissing.appxbundle */; };
		4C7F377920783FD2002942F4 /* ManifestPackageHasIncorrectArchitecture.appxbundle in CopyFiles */ = {isa = PBXBuildFile; fileRef = 4C7F375E20783FC2002942F4 /* ManifestPackageHasIncorrectArchitecture.appxbundle */; };
		4C7F377A20783FD2002942F4 /* ManifestPackageHasIncorrectName.appxbundle in CopyFiles */ = {isa = PBXBuildFile; fileRef = 4C7F375F20783FC2002942F4 /* ManifestPackageHasIncorrectName.appxbundle */; };
		4C7F377B20783FD2002942F4 /* ManifestPackageHasIncorrectPublisher.appxbundle in CopyFiles */ = {isa = PBXBuildFile; fileRef = 4C7F376020783FC2002942F4 /* ManifestPackageHasIncorrectPublisher.appxbundle */; };
		4C7F377C20783FD2002942F4 /* ManifestPackageHasIncorrectSize.appxbundle in CopyFiles */ = {isa = PBXBuildFile; fileRef = 4C7F376120783FC2002942F4 /* ManifestPackageHasIncorrectSize.appxbundle */; };
		4C7F377D20783FD2002942F4 /* ManifestPackageHasIncorrectVersion.appxbundle in CopyFiles */ = {isa = PBXBuildFile; fileRef = 4C7F376220783FC2002942F4 /* ManifestPackageHasIncorrectVersion.appxbundle */; };
		4C7F377E20783FD2002942F4 /* ManifestPackageHasInvalidOffset.appxbundle in CopyFiles */ = {isa = PBXBuildFile; fileRef = 4C7F376320783FC2002942F4 /* ManifestPackageHasInvalidOffset.appxbundle */; };
		4C7F377F20783FD2002942F4 /* ManifestPackageHasInvalidRange.appxbundle in CopyFiles */ = {isa = PBXBuildFile; fileRef = 4C7F376420783FC2002942F4 /* ManifestPackageHasInvalidRange.appxbundle */; };
		4C7F378020783FD2002942F4 /* ManifestViolatesSchema.appxbundle in CopyFiles */ = {isa = PBXBuildFile; fileRef = 4C7F376520783FC2002942F4 /* ManifestViolatesSchema.appxbundle */; };
		4C7F378120783FD2002942F4 /* PayloadPackageHasNonAppxExtension.appxbundle in CopyFiles */ = {isa = PBXBuildFile; fileRef = 4C7F376620783FC2002942F4 /* PayloadPackageHasNonAppxExtension.appxbundle */; };
		4C7F378220783FD2002942F4 /* PayloadPackageIsCompressed.appxbundle in CopyFiles */ = {isa = PBXBuildFile; fileRef = 4C7F376720783FC2002942F4 /* PayloadPackageIsCompressed.appxbundle */; };
		4C7F378320783FD2002942F4 /* PayloadPackageIsEmpty.appxbundle in CopyFiles */ = {isa = PBXBuildFile; fileRef = 4C7F376820783FC2002942F4 /* PayloadPackageIsEmpty.appxbundle */; };
		4C7F378420783FD2002942F4 /* PayloadPackageIsNotAppxPackage.appxbundle in CopyFiles */ = {isa = PBXBuildFile; fileRef = 4C7F376920783FC2002942F4 /* PayloadPackageIsNotAppxPackage.appxbundle */; };
		4C7F378520783FD2002942F4 /* PayloadPackageNotListedInManifest.appxbundle in CopyFiles */ = {isa = PBXBuildFile; fileRef = 4C7F376A20783FC2002942F4 /* PayloadPackageNotListedInManifest.appxbundle */; };
		4C7F378620783FD2002942F4 /* SignedUntrustedCert-CERT_E_CHAINING.appxbundle in CopyFiles */ = {isa = PBXBuildFile; fileRef = 4C7F376B20783FC2002942F4 /* SignedUntrustedCert-CERT_E_CHAINING.appxbundle */; };
		4C7F378720783FD2002942F4 /* StoreSigned_Desktop_x86_x64_MoviesTV.appxbundle in CopyFiles */ = {isa = PBXBuildFile; fileRef = 4C7F376C20783FC2002942F4 /* StoreSigned_Desktop_x86_x64_MoviesTV.appxbundle */; };
		4C80CDA0216EE32A008E3292 /* StoreSigned_Desktop_x64_MoviesTV.appx in CopyFiles */ = {isa = PBXBuildFile; fileRef = 4C80CD9D216EE2B7008E3292 /* StoreSigned_Desktop_x64_MoviesTV.appx */; };
		4CA491B521F26C4000F0ADB0 /* apitest_test_1.txt in CopyFiles */ = {isa = PBXBuildFile; fileRef = 4CA491B421F26C4000F0ADB0 /* apitest_test_1.txt */; };
		4CAC1C422135DCDA005C3B2C /* assets.appx in CopyFiles */ = {isa = PBXBuildFile; fileRef = 4CAC1C1A2135DCC0005C3B2C /* assets.appx */; };
		4CAC1C432135DCDA005C3B2C /* FlatBundleWithAsset.appxbundle in CopyFiles */ = {isa = PBXBuildFile; fileRef = 4CAC1C1B2135DCC0005C3B2C /* FlatBundleWithAsset.appxbundle */; };
		4CAC1C442135DCDA005C3B2C /* language-de.appx in CopyFiles */ = {isa = PBXBuildFile; fileRef = 4CAC1C1C2135DCC0005C3B2C /* language-de.appx */; };
		4CAC1C452135DCDA005C3B2C /* language-en.appx in CopyFiles */ = {isa = PBXBuildFile; fileRef = 4CAC1C1D2135DCC0005C3B2C /* language-en.appx */; };
		4CAC1C462135DCDA005C3B2C /* language-es.appx in CopyFiles */ = {isa = PBXBuildFile; fileRef = 4CAC1C1E2135DCC0005C3B2C /* language-es.appx */; };
		4CAC1C472135DCDA005C3B2C /* language-fr.appx in CopyFiles */ = {isa = PBXBuildFile; fileRef = 4CAC1C1F2135DCC0005C3B2C /* language-fr.appx */; };
		4CAC1C482135DCDA005C3B2C /* language-it.appx in CopyFiles */ = {isa = PBXBuildFile; fileRef = 4CAC1C202135DCC0005C3B2C /* language-it.appx */; };
		4CAC1C492135DCDA005C3B2C /* language-ja.appx in CopyFiles */ = {isa = PBXBuildFile; fileRef = 4CAC1C212135DCC0005C3B2C /* language-ja.appx */; };
		4CAC1C4A2135DCDA005C3B2C /* language-ko.appx in CopyFiles */ = {isa = PBXBuildFile; fileRef = 4CAC1C222135DCC0005C3B2C /* language-ko.appx */; };
		4CAC1C4B2135DCDA005C3B2C /* language-pt.appx in CopyFiles */ = {isa = PBXBuildFile; fileRef = 4CAC1C232135DCC0005C3B2C /* language-pt.appx */; };
		4CAC1C4C2135DCDA005C3B2C /* language-ru.appx in CopyFiles */ = {isa = PBXBuildFile; fileRef = 4CAC1C242135DCC0005C3B2C /* language-ru.appx */; };
		4CAC1C4D2135DCDA005C3B2C /* language-uk.appx in CopyFiles */ = {isa = PBXBuildFile; fileRef = 4CAC1C252135DCC0005C3B2C /* language-uk.appx */; };
		4CAC1C4E2135DCDA005C3B2C /* language-zh-hans.appx in CopyFiles */ = {isa = PBXBuildFile; fileRef = 4CAC1C262135DCC0005C3B2C /* language-zh-hans.appx */; };
		4CAC1C4F2135DCDA005C3B2C /* language-zh-hant.appx in CopyFiles */ = {isa = PBXBuildFile; fileRef = 4CAC1C272135DCC0005C3B2C /* language-zh-hant.appx */; };
		4CAC1C502135DCDA005C3B2C /* main_ARM.appx in CopyFiles */ = {isa = PBXBuildFile; fileRef = 4CAC1C282135DCC0005C3B2C /* main_ARM.appx */; };
		4CAC1C512135DCDA005C3B2C /* main_x64.appx in CopyFiles */ = {isa = PBXBuildFile; fileRef = 4CAC1C292135DCC0005C3B2C /* main_x64.appx */; };
		4CAC1C522135DCDA005C3B2C /* main_x86.appx in CopyFiles */ = {isa = PBXBuildFile; fileRef = 4CAC1C2A2135DCC0005C3B2C /* main_x86.appx */; };
		4CAC1C532135DCDA005C3B2C /* scale-140.appx in CopyFiles */ = {isa = PBXBuildFile; fileRef = 4CAC1C2B2135DCC0005C3B2C /* scale-140.appx */; };
		4CAC1C542135DCDA005C3B2C /* scale-180.appx in CopyFiles */ = {isa = PBXBuildFile; fileRef = 4CAC1C2C2135DCC0005C3B2C /* scale-180.appx */; };
		4CAC1C552135DCDA005C3B2C /* scale-240.appx in CopyFiles */ = {isa = PBXBuildFile; fileRef = 4CAC1C2D2135DCC0005C3B2C /* scale-240.appx */; };
		4CDE14A321A493B00085A796 /* IntlPackage.appx in CopyFiles */ = {isa = PBXBuildFile; fileRef = 4CDE14A121A493960085A796 /* IntlPackage.appx */; };
		4CDE14A621ACC9EA0085A796 /* BundleWithIntlPackage.appxbundle in CopyFiles */ = {isa = PBXBuildFile; fileRef = 4CDE14A421ACC9CB0085A796 /* BundleWithIntlPackage.appxbundle */; };
		4CE4F0632261174900DEB984 /* NotepadPlusPlus.appx in CopyFiles */ = {isa = PBXBuildFile; fileRef = 6A0FC3D62179413E003B606A /* NotepadPlusPlus.appx */; };
		EEE4055020225CDF007B25CE /* AppDelegate.m in Sources */ = {isa = PBXBuildFile; fileRef = EEE4054F20225CDF007B25CE /* AppDelegate.m */; };
		EEE4055320225CDF007B25CE /* ViewController.m in Sources */ = {isa = PBXBuildFile; fileRef = EEE4055220225CDF007B25CE /* ViewController.m */; };
		EEE4055620225CDF007B25CE /* Main.storyboard in Resources */ = {isa = PBXBuildFile; fileRef = EEE4055420225CDF007B25CE /* Main.storyboard */; };
		EEE4055820225CDF007B25CE /* Assets.xcassets in Resources */ = {isa = PBXBuildFile; fileRef = EEE4055720225CDF007B25CE /* Assets.xcassets */; };
		EEE4055E20225CDF007B25CE /* main.m in Sources */ = {isa = PBXBuildFile; fileRef = EEE4055D20225CDF007B25CE /* main.m */; };
		EEE405A420227EC1007B25CE /* CentennialCoffee.appx in CopyFiles */ = {isa = PBXBuildFile; fileRef = EEE4057720225EF5007B25CE /* CentennialCoffee.appx */; };
		EEE405A520227EC1007B25CE /* Empty.appx in CopyFiles */ = {isa = PBXBuildFile; fileRef = EEE4057820225EF5007B25CE /* Empty.appx */; };
		EEE405A620227EC1007B25CE /* HelloWorld.appx in CopyFiles */ = {isa = PBXBuildFile; fileRef = EEE4057920225EF5007B25CE /* HelloWorld.appx */; };
		EEE405A720227EC1007B25CE /* InvalidSignatureBadCodeIntegrity.appx in CopyFiles */ = {isa = PBXBuildFile; fileRef = EEE4057A20225EF5007B25CE /* InvalidSignatureBadCodeIntegrity.appx */; };
		EEE405A820227EC1007B25CE /* InvalidSignatureInvalidCodeIntegrityXML.appx in CopyFiles */ = {isa = PBXBuildFile; fileRef = EEE4057B20225EF5007B25CE /* InvalidSignatureInvalidCodeIntegrityXML.appx */; };
		EEE405A920227EC1007B25CE /* OPC_E_ZIP_CORRUPTED_ARCHIVE.appx in CopyFiles */ = {isa = PBXBuildFile; fileRef = EEE4057C20225EF5007B25CE /* OPC_E_ZIP_CORRUPTED_ARCHIVE.appx */; };
		EEE405AA20227EC1007B25CE /* SignatureNotLastPart-ERROR_BAD_FORMAT.appx in CopyFiles */ = {isa = PBXBuildFile; fileRef = EEE4057D20225EF5007B25CE /* SignatureNotLastPart-ERROR_BAD_FORMAT.appx */; };
		EEE405AB20227EC1007B25CE /* SignedMismatchedPublisherName-ERROR_BAD_FORMAT.appx in CopyFiles */ = {isa = PBXBuildFile; fileRef = EEE4057E20225EF5007B25CE /* SignedMismatchedPublisherName-ERROR_BAD_FORMAT.appx */; };
		EEE405AC20227EC1007B25CE /* SignedTamperedBlockMap-TRUST_E_BAD_DIGEST.appx in CopyFiles */ = {isa = PBXBuildFile; fileRef = EEE4057F20225EF5007B25CE /* SignedTamperedBlockMap-TRUST_E_BAD_DIGEST.appx */; };
		EEE405AD20227EC1007B25CE /* SignedTamperedCD-TRUST_E_BAD_DIGEST.appx in CopyFiles */ = {isa = PBXBuildFile; fileRef = EEE4058020225EF5007B25CE /* SignedTamperedCD-TRUST_E_BAD_DIGEST.appx */; };
		EEE405AE20227EC1007B25CE /* SignedTamperedCodeIntegrity-TRUST_E_BAD_DIGEST.appx in CopyFiles */ = {isa = PBXBuildFile; fileRef = EEE4058120225EF5007B25CE /* SignedTamperedCodeIntegrity-TRUST_E_BAD_DIGEST.appx */; };
		EEE405AF20227EC1007B25CE /* SignedTamperedContentTypes-TRUST_E_BAD_DIGEST.appx in CopyFiles */ = {isa = PBXBuildFile; fileRef = EEE4058220225EF5007B25CE /* SignedTamperedContentTypes-TRUST_E_BAD_DIGEST.appx */; };
		EEE405B020227EC1007B25CE /* SignedUntrustedCert-CERT_E_CHAINING.appx in CopyFiles */ = {isa = PBXBuildFile; fileRef = EEE4058320225EF5007B25CE /* SignedUntrustedCert-CERT_E_CHAINING.appx */; };
		EEE405B120227EC1007B25CE /* StoreSigned_Desktop_x64_MoviesTV.appx in CopyFiles */ = {isa = PBXBuildFile; fileRef = EEE4058420225EF5007B25CE /* StoreSigned_Desktop_x64_MoviesTV.appx */; };
		EEE405B220227EC1007B25CE /* TestAppxPackage_Win32.appx in CopyFiles */ = {isa = PBXBuildFile; fileRef = EEE4058520225EF5007B25CE /* TestAppxPackage_Win32.appx */; };
		EEE405B320227EC1007B25CE /* TestAppxPackage_x64.appx in CopyFiles */ = {isa = PBXBuildFile; fileRef = EEE4058620225EF5007B25CE /* TestAppxPackage_x64.appx */; };
		EEE405B420227EC1007B25CE /* UnsignedZip64WithCI-APPX_E_MISSING_REQUIRED_FILE.appx in CopyFiles */ = {isa = PBXBuildFile; fileRef = EEE4058720225EF5007B25CE /* UnsignedZip64WithCI-APPX_E_MISSING_REQUIRED_FILE.appx */; };
		EEE405B620227ED8007B25CE /* Bad_Namespace_Blockmap.appx in CopyFiles */ = {isa = PBXBuildFile; fileRef = EEE4056D20225EF5007B25CE /* Bad_Namespace_Blockmap.appx */; };
		EEE405B720227ED8007B25CE /* ContentTypes_in_blockmap.appx in CopyFiles */ = {isa = PBXBuildFile; fileRef = EEE4056E20225EF5007B25CE /* ContentTypes_in_blockmap.appx */; };
		EEE405B820227ED8007B25CE /* Duplicate_file_in_blockmap.appx in CopyFiles */ = {isa = PBXBuildFile; fileRef = EEE4056F20225EF5007B25CE /* Duplicate_file_in_blockmap.appx */; };
		EEE405B920227ED8007B25CE /* Extra_file_in_blockmap.appx in CopyFiles */ = {isa = PBXBuildFile; fileRef = EEE4057020225EF5007B25CE /* Extra_file_in_blockmap.appx */; };
		EEE405BA20227ED8007B25CE /* File_missing_from_blockmap.appx in CopyFiles */ = {isa = PBXBuildFile; fileRef = EEE4057120225EF5007B25CE /* File_missing_from_blockmap.appx */; };
		EEE405BB20227ED8007B25CE /* HelloWorld.appx in CopyFiles */ = {isa = PBXBuildFile; fileRef = EEE4057220225EF5007B25CE /* HelloWorld.appx */; };
		EEE405BC20227ED8007B25CE /* Invalid_Bad_Block.appx in CopyFiles */ = {isa = PBXBuildFile; fileRef = EEE4057320225EF5007B25CE /* Invalid_Bad_Block.appx */; };
		EEE405BD20227ED8007B25CE /* Missing_Manifest_in_blockmap.appx in CopyFiles */ = {isa = PBXBuildFile; fileRef = EEE4057420225EF5007B25CE /* Missing_Manifest_in_blockmap.appx */; };
		EEE405BE20227ED8007B25CE /* No_blockmap.appx in CopyFiles */ = {isa = PBXBuildFile; fileRef = EEE4057520225EF5007B25CE /* No_blockmap.appx */; };
		EEE405BF20227ED8007B25CE /* Size_wrong_uncompressed.appx in CopyFiles */ = {isa = PBXBuildFile; fileRef = EEE4057620225EF5007B25CE /* Size_wrong_uncompressed.appx */; };
/* End PBXBuildFile section */

/* Begin PBXCopyFilesBuildPhase section */
		4C7F375020783F90002942F4 /* CopyFiles */ = {
			isa = PBXCopyFilesBuildPhase;
			buildActionMask = 2147483647;
			dstPath = bundles;
			dstSubfolderSpec = 7;
			files = (
				4CDE14A621ACC9EA0085A796 /* BundleWithIntlPackage.appxbundle in CopyFiles */,
				4C7F376D20783FD2002942F4 /* BlockMapContainsPayloadPackage.appxbundle in CopyFiles */,
				4C7F376E20783FD2002942F4 /* BlockMapIsMissing.appxbundle in CopyFiles */,
				4C7F376F20783FD2002942F4 /* BlockMapViolatesSchema.appxbundle in CopyFiles */,
				4C7F377020783FD2002942F4 /* ContainsNeutralAndX86AppPackages.appxbundle in CopyFiles */,
				4C7F377120783FD2002942F4 /* ContainsNoPayload.appxbundle in CopyFiles */,
				4C7F377220783FD2002942F4 /* ContainsOnlyResourcePackages.appxbundle in CopyFiles */,
				4C7F377320783FD2002942F4 /* ContainsTwoNeutralAppPackages.appxbundle in CopyFiles */,
				4C7F377420783FD2002942F4 /* MainBundle.appxbundle in CopyFiles */,
				4C7F377520783FD2002942F4 /* ManifestDeclaresAppPackageForResourcePackage.appxbundle in CopyFiles */,
				4C7F377620783FD2002942F4 /* ManifestDeclaresResourcePackageForAppPackage.appxbundle in CopyFiles */,
				4C7F377720783FD2002942F4 /* ManifestHasExtraPackage.appxbundle in CopyFiles */,
				4C7F377820783FD2002942F4 /* ManifestIsMissing.appxbundle in CopyFiles */,
				4C7F377920783FD2002942F4 /* ManifestPackageHasIncorrectArchitecture.appxbundle in CopyFiles */,
				4C7F377A20783FD2002942F4 /* ManifestPackageHasIncorrectName.appxbundle in CopyFiles */,
				4C7F377B20783FD2002942F4 /* ManifestPackageHasIncorrectPublisher.appxbundle in CopyFiles */,
				4C7F377C20783FD2002942F4 /* ManifestPackageHasIncorrectSize.appxbundle in CopyFiles */,
				4C7F377D20783FD2002942F4 /* ManifestPackageHasIncorrectVersion.appxbundle in CopyFiles */,
				4C7F377E20783FD2002942F4 /* ManifestPackageHasInvalidOffset.appxbundle in CopyFiles */,
				4C7F377F20783FD2002942F4 /* ManifestPackageHasInvalidRange.appxbundle in CopyFiles */,
				4C7F378020783FD2002942F4 /* ManifestViolatesSchema.appxbundle in CopyFiles */,
				4C7F378120783FD2002942F4 /* PayloadPackageHasNonAppxExtension.appxbundle in CopyFiles */,
				4C7F378220783FD2002942F4 /* PayloadPackageIsCompressed.appxbundle in CopyFiles */,
				4C7F378320783FD2002942F4 /* PayloadPackageIsEmpty.appxbundle in CopyFiles */,
				4C7F378420783FD2002942F4 /* PayloadPackageIsNotAppxPackage.appxbundle in CopyFiles */,
				4C7F378520783FD2002942F4 /* PayloadPackageNotListedInManifest.appxbundle in CopyFiles */,
				4C7F378620783FD2002942F4 /* SignedUntrustedCert-CERT_E_CHAINING.appxbundle in CopyFiles */,
				4C7F378720783FD2002942F4 /* StoreSigned_Desktop_x86_x64_MoviesTV.appxbundle in CopyFiles */,
			);
			runOnlyForDeploymentPostprocessing = 0;
		};
		4C80CD9F216EE301008E3292 /* CopyFiles */ = {
			isa = PBXCopyFilesBuildPhase;
			buildActionMask = 2147483647;
			dstPath = "महसुस";
			dstSubfolderSpec = 7;
			files = (
				4C80CDA0216EE32A008E3292 /* StoreSigned_Desktop_x64_MoviesTV.appx in CopyFiles */,
			);
			runOnlyForDeploymentPostprocessing = 0;
		};
		4CAC1C182135DC9A005C3B2C /* CopyFiles */ = {
			isa = PBXCopyFilesBuildPhase;
			buildActionMask = 2147483647;
			dstPath = flat;
			dstSubfolderSpec = 7;
			files = (
				4CAC1C422135DCDA005C3B2C /* assets.appx in CopyFiles */,
				4CAC1C432135DCDA005C3B2C /* FlatBundleWithAsset.appxbundle in CopyFiles */,
				4CAC1C442135DCDA005C3B2C /* language-de.appx in CopyFiles */,
				4CAC1C452135DCDA005C3B2C /* language-en.appx in CopyFiles */,
				4CAC1C462135DCDA005C3B2C /* language-es.appx in CopyFiles */,
				4CAC1C472135DCDA005C3B2C /* language-fr.appx in CopyFiles */,
				4CAC1C482135DCDA005C3B2C /* language-it.appx in CopyFiles */,
				4CAC1C492135DCDA005C3B2C /* language-ja.appx in CopyFiles */,
				4CAC1C4A2135DCDA005C3B2C /* language-ko.appx in CopyFiles */,
				4CAC1C4B2135DCDA005C3B2C /* language-pt.appx in CopyFiles */,
				4CAC1C4C2135DCDA005C3B2C /* language-ru.appx in CopyFiles */,
				4CAC1C4D2135DCDA005C3B2C /* language-uk.appx in CopyFiles */,
				4CAC1C4E2135DCDA005C3B2C /* language-zh-hans.appx in CopyFiles */,
				4CAC1C4F2135DCDA005C3B2C /* language-zh-hant.appx in CopyFiles */,
				4CAC1C502135DCDA005C3B2C /* main_ARM.appx in CopyFiles */,
				4CAC1C512135DCDA005C3B2C /* main_x64.appx in CopyFiles */,
				4CAC1C522135DCDA005C3B2C /* main_x86.appx in CopyFiles */,
				4CAC1C532135DCDA005C3B2C /* scale-140.appx in CopyFiles */,
				4CAC1C542135DCDA005C3B2C /* scale-180.appx in CopyFiles */,
				4CAC1C552135DCDA005C3B2C /* scale-240.appx in CopyFiles */,
			);
			runOnlyForDeploymentPostprocessing = 0;
		};
		EEE4056820225E11007B25CE /* Copy Files */ = {
			isa = PBXCopyFilesBuildPhase;
			buildActionMask = 2147483647;
			dstPath = "";
			dstSubfolderSpec = 10;
			files = (
				4C14D5D72204CC400034C5CE /* libmsix.dylib in Copy Files */,
				4C14D5D82204CC400034C5CE /* libmsixtestcommon.dylib in Copy Files */,
			);
			name = "Copy Files";
			runOnlyForDeploymentPostprocessing = 0;
		};
		EEE405A320227E6D007B25CE /* CopyFiles */ = {
			isa = PBXCopyFilesBuildPhase;
			buildActionMask = 2147483647;
			dstPath = "";
			dstSubfolderSpec = 7;
			files = (
				4CE4F0632261174900DEB984 /* NotepadPlusPlus.appx in CopyFiles */,
				4CA491B521F26C4000F0ADB0 /* apitest_test_1.txt in CopyFiles */,
				4CDE14A321A493B00085A796 /* IntlPackage.appx in CopyFiles */,
				EEE405A420227EC1007B25CE /* CentennialCoffee.appx in CopyFiles */,
				EEE405A520227EC1007B25CE /* Empty.appx in CopyFiles */,
				EEE405A620227EC1007B25CE /* HelloWorld.appx in CopyFiles */,
				EEE405A720227EC1007B25CE /* InvalidSignatureBadCodeIntegrity.appx in CopyFiles */,
				EEE405A820227EC1007B25CE /* InvalidSignatureInvalidCodeIntegrityXML.appx in CopyFiles */,
				EEE405A920227EC1007B25CE /* OPC_E_ZIP_CORRUPTED_ARCHIVE.appx in CopyFiles */,
				EEE405AA20227EC1007B25CE /* SignatureNotLastPart-ERROR_BAD_FORMAT.appx in CopyFiles */,
				EEE405AB20227EC1007B25CE /* SignedMismatchedPublisherName-ERROR_BAD_FORMAT.appx in CopyFiles */,
				EEE405AC20227EC1007B25CE /* SignedTamperedBlockMap-TRUST_E_BAD_DIGEST.appx in CopyFiles */,
				EEE405AD20227EC1007B25CE /* SignedTamperedCD-TRUST_E_BAD_DIGEST.appx in CopyFiles */,
				EEE405AE20227EC1007B25CE /* SignedTamperedCodeIntegrity-TRUST_E_BAD_DIGEST.appx in CopyFiles */,
				EEE405AF20227EC1007B25CE /* SignedTamperedContentTypes-TRUST_E_BAD_DIGEST.appx in CopyFiles */,
				EEE405B020227EC1007B25CE /* SignedUntrustedCert-CERT_E_CHAINING.appx in CopyFiles */,
				EEE405B120227EC1007B25CE /* StoreSigned_Desktop_x64_MoviesTV.appx in CopyFiles */,
				EEE405B220227EC1007B25CE /* TestAppxPackage_Win32.appx in CopyFiles */,
				EEE405B320227EC1007B25CE /* TestAppxPackage_x64.appx in CopyFiles */,
				EEE405B420227EC1007B25CE /* UnsignedZip64WithCI-APPX_E_MISSING_REQUIRED_FILE.appx in CopyFiles */,
			);
			runOnlyForDeploymentPostprocessing = 0;
		};
		EEE405B520227ECB007B25CE /* CopyFiles */ = {
			isa = PBXCopyFilesBuildPhase;
			buildActionMask = 2147483647;
			dstPath = BlockMap;
			dstSubfolderSpec = 7;
			files = (
				4C074DFF225EA90200123C06 /* Size_wrong_uncompressed.msix in CopyFiles */,
				4C074E00225EA90200123C06 /* Invalid_Bad_Block.msix in CopyFiles */,
				4C074E01225EA90200123C06 /* File_missing_from_blockmap.msix in CopyFiles */,
				4C074E02225EA90200123C06 /* Extra_file_in_blockmap.msix in CopyFiles */,
				EEE405B620227ED8007B25CE /* Bad_Namespace_Blockmap.appx in CopyFiles */,
				EEE405B720227ED8007B25CE /* ContentTypes_in_blockmap.appx in CopyFiles */,
				EEE405B820227ED8007B25CE /* Duplicate_file_in_blockmap.appx in CopyFiles */,
				EEE405BD20227ED8007B25CE /* Missing_Manifest_in_blockmap.appx in CopyFiles */,
				EEE405BE20227ED8007B25CE /* No_blockmap.appx in CopyFiles */,
			);
			runOnlyForDeploymentPostprocessing = 0;
		};
/* End PBXCopyFilesBuildPhase section */

/* Begin PBXFileReference section */
		4C074DF7225EA89700123C06 /* Extra_file_in_blockmap.msix */ = {isa = PBXFileReference; lastKnownFileType = file; path = Extra_file_in_blockmap.msix; sourceTree = "<group>"; };
		4C074DF9225EA8AD00123C06 /* File_missing_from_blockmap.msix */ = {isa = PBXFileReference; lastKnownFileType = file; path = File_missing_from_blockmap.msix; sourceTree = "<group>"; };
		4C074DFB225EA8C100123C06 /* Invalid_Bad_Block.msix */ = {isa = PBXFileReference; lastKnownFileType = file; path = Invalid_Bad_Block.msix; sourceTree = "<group>"; };
		4C074DFD225EA8D100123C06 /* Size_wrong_uncompressed.msix */ = {isa = PBXFileReference; lastKnownFileType = file; path = Size_wrong_uncompressed.msix; sourceTree = "<group>"; };
		4C14D5D32204CC2A0034C5CE /* libmsix.dylib */ = {isa = PBXFileReference; lastKnownFileType = "compiled.mach-o.dylib"; name = libmsix.dylib; path = ../../../.vs/lib/libmsix.dylib; sourceTree = "<group>"; };
		4C14D5D42204CC2A0034C5CE /* libmsixtestcommon.dylib */ = {isa = PBXFileReference; lastKnownFileType = "compiled.mach-o.dylib"; name = libmsixtestcommon.dylib; path = ../../../.vs/lib/libmsixtestcommon.dylib; sourceTree = "<group>"; };
		4C7F375220783FC2002942F4 /* BlockMapContainsPayloadPackage.appxbundle */ = {isa = PBXFileReference; lastKnownFileType = file; path = BlockMapContainsPayloadPackage.appxbundle; sourceTree = "<group>"; };
		4C7F375320783FC2002942F4 /* BlockMapIsMissing.appxbundle */ = {isa = PBXFileReference; lastKnownFileType = file; path = BlockMapIsMissing.appxbundle; sourceTree = "<group>"; };
		4C7F375420783FC2002942F4 /* BlockMapViolatesSchema.appxbundle */ = {isa = PBXFileReference; lastKnownFileType = file; path = BlockMapViolatesSchema.appxbundle; sourceTree = "<group>"; };
		4C7F375520783FC2002942F4 /* ContainsNeutralAndX86AppPackages.appxbundle */ = {isa = PBXFileReference; lastKnownFileType = file; path = ContainsNeutralAndX86AppPackages.appxbundle; sourceTree = "<group>"; };
		4C7F375620783FC2002942F4 /* ContainsNoPayload.appxbundle */ = {isa = PBXFileReference; lastKnownFileType = file; path = ContainsNoPayload.appxbundle; sourceTree = "<group>"; };
		4C7F375720783FC2002942F4 /* ContainsOnlyResourcePackages.appxbundle */ = {isa = PBXFileReference; lastKnownFileType = file; path = ContainsOnlyResourcePackages.appxbundle; sourceTree = "<group>"; };
		4C7F375820783FC2002942F4 /* ContainsTwoNeutralAppPackages.appxbundle */ = {isa = PBXFileReference; lastKnownFileType = file; path = ContainsTwoNeutralAppPackages.appxbundle; sourceTree = "<group>"; };
		4C7F375920783FC2002942F4 /* MainBundle.appxbundle */ = {isa = PBXFileReference; lastKnownFileType = file; path = MainBundle.appxbundle; sourceTree = "<group>"; };
		4C7F375A20783FC2002942F4 /* ManifestDeclaresAppPackageForResourcePackage.appxbundle */ = {isa = PBXFileReference; lastKnownFileType = file; path = ManifestDeclaresAppPackageForResourcePackage.appxbundle; sourceTree = "<group>"; };
		4C7F375B20783FC2002942F4 /* ManifestDeclaresResourcePackageForAppPackage.appxbundle */ = {isa = PBXFileReference; lastKnownFileType = file; path = ManifestDeclaresResourcePackageForAppPackage.appxbundle; sourceTree = "<group>"; };
		4C7F375C20783FC2002942F4 /* ManifestHasExtraPackage.appxbundle */ = {isa = PBXFileReference; lastKnownFileType = file; path = ManifestHasExtraPackage.appxbundle; sourceTree = "<group>"; };
		4C7F375D20783FC2002942F4 /* ManifestIsMissing.appxbundle */ = {isa = PBXFileReference; lastKnownFileType = file; path = ManifestIsMissing.appxbundle; sourceTree = "<group>"; };
		4C7F375E20783FC2002942F4 /* ManifestPackageHasIncorrectArchitecture.appxbundle */ = {isa = PBXFileReference; lastKnownFileType = file; path = ManifestPackageHasIncorrectArchitecture.appxbundle; sourceTree = "<group>"; };
		4C7F375F20783FC2002942F4 /* ManifestPackageHasIncorrectName.appxbundle */ = {isa = PBXFileReference; lastKnownFileType = file; path = ManifestPackageHasIncorrectName.appxbundle; sourceTree = "<group>"; };
		4C7F376020783FC2002942F4 /* ManifestPackageHasIncorrectPublisher.appxbundle */ = {isa = PBXFileReference; lastKnownFileType = file; path = ManifestPackageHasIncorrectPublisher.appxbundle; sourceTree = "<group>"; };
		4C7F376120783FC2002942F4 /* ManifestPackageHasIncorrectSize.appxbundle */ = {isa = PBXFileReference; lastKnownFileType = file; path = ManifestPackageHasIncorrectSize.appxbundle; sourceTree = "<group>"; };
		4C7F376220783FC2002942F4 /* ManifestPackageHasIncorrectVersion.appxbundle */ = {isa = PBXFileReference; lastKnownFileType = file; path = ManifestPackageHasIncorrectVersion.appxbundle; sourceTree = "<group>"; };
		4C7F376320783FC2002942F4 /* ManifestPackageHasInvalidOffset.appxbundle */ = {isa = PBXFileReference; lastKnownFileType = file; path = ManifestPackageHasInvalidOffset.appxbundle; sourceTree = "<group>"; };
		4C7F376420783FC2002942F4 /* ManifestPackageHasInvalidRange.appxbundle */ = {isa = PBXFileReference; lastKnownFileType = file; path = ManifestPackageHasInvalidRange.appxbundle; sourceTree = "<group>"; };
		4C7F376520783FC2002942F4 /* ManifestViolatesSchema.appxbundle */ = {isa = PBXFileReference; lastKnownFileType = file; path = ManifestViolatesSchema.appxbundle; sourceTree = "<group>"; };
		4C7F376620783FC2002942F4 /* PayloadPackageHasNonAppxExtension.appxbundle */ = {isa = PBXFileReference; lastKnownFileType = file; path = PayloadPackageHasNonAppxExtension.appxbundle; sourceTree = "<group>"; };
		4C7F376720783FC2002942F4 /* PayloadPackageIsCompressed.appxbundle */ = {isa = PBXFileReference; lastKnownFileType = file; path = PayloadPackageIsCompressed.appxbundle; sourceTree = "<group>"; };
		4C7F376820783FC2002942F4 /* PayloadPackageIsEmpty.appxbundle */ = {isa = PBXFileReference; lastKnownFileType = file; path = PayloadPackageIsEmpty.appxbundle; sourceTree = "<group>"; };
		4C7F376920783FC2002942F4 /* PayloadPackageIsNotAppxPackage.appxbundle */ = {isa = PBXFileReference; lastKnownFileType = file; path = PayloadPackageIsNotAppxPackage.appxbundle; sourceTree = "<group>"; };
		4C7F376A20783FC2002942F4 /* PayloadPackageNotListedInManifest.appxbundle */ = {isa = PBXFileReference; lastKnownFileType = file; path = PayloadPackageNotListedInManifest.appxbundle; sourceTree = "<group>"; };
		4C7F376B20783FC2002942F4 /* SignedUntrustedCert-CERT_E_CHAINING.appxbundle */ = {isa = PBXFileReference; lastKnownFileType = file; path = "SignedUntrustedCert-CERT_E_CHAINING.appxbundle"; sourceTree = "<group>"; };
		4C7F376C20783FC2002942F4 /* StoreSigned_Desktop_x86_x64_MoviesTV.appxbundle */ = {isa = PBXFileReference; lastKnownFileType = file; path = StoreSigned_Desktop_x86_x64_MoviesTV.appxbundle; sourceTree = "<group>"; };
		4C80CD9D216EE2B7008E3292 /* StoreSigned_Desktop_x64_MoviesTV.appx */ = {isa = PBXFileReference; lastKnownFileType = file; path = StoreSigned_Desktop_x64_MoviesTV.appx; sourceTree = "<group>"; };
		4CA491B421F26C4000F0ADB0 /* apitest_test_1.txt */ = {isa = PBXFileReference; lastKnownFileType = text; name = apitest_test_1.txt; path = ../../../.vs/test/api/input/apitest_test_1.txt; sourceTree = "<group>"; };
		4CAC1C1A2135DCC0005C3B2C /* assets.appx */ = {isa = PBXFileReference; lastKnownFileType = file; path = assets.appx; sourceTree = "<group>"; };
		4CAC1C1B2135DCC0005C3B2C /* FlatBundleWithAsset.appxbundle */ = {isa = PBXFileReference; lastKnownFileType = file; path = FlatBundleWithAsset.appxbundle; sourceTree = "<group>"; };
		4CAC1C1C2135DCC0005C3B2C /* language-de.appx */ = {isa = PBXFileReference; lastKnownFileType = file; path = "language-de.appx"; sourceTree = "<group>"; };
		4CAC1C1D2135DCC0005C3B2C /* language-en.appx */ = {isa = PBXFileReference; lastKnownFileType = file; path = "language-en.appx"; sourceTree = "<group>"; };
		4CAC1C1E2135DCC0005C3B2C /* language-es.appx */ = {isa = PBXFileReference; lastKnownFileType = file; path = "language-es.appx"; sourceTree = "<group>"; };
		4CAC1C1F2135DCC0005C3B2C /* language-fr.appx */ = {isa = PBXFileReference; lastKnownFileType = file; path = "language-fr.appx"; sourceTree = "<group>"; };
		4CAC1C202135DCC0005C3B2C /* language-it.appx */ = {isa = PBXFileReference; lastKnownFileType = file; path = "language-it.appx"; sourceTree = "<group>"; };
		4CAC1C212135DCC0005C3B2C /* language-ja.appx */ = {isa = PBXFileReference; lastKnownFileType = file; path = "language-ja.appx"; sourceTree = "<group>"; };
		4CAC1C222135DCC0005C3B2C /* language-ko.appx */ = {isa = PBXFileReference; lastKnownFileType = file; path = "language-ko.appx"; sourceTree = "<group>"; };
		4CAC1C232135DCC0005C3B2C /* language-pt.appx */ = {isa = PBXFileReference; lastKnownFileType = file; path = "language-pt.appx"; sourceTree = "<group>"; };
		4CAC1C242135DCC0005C3B2C /* language-ru.appx */ = {isa = PBXFileReference; lastKnownFileType = file; path = "language-ru.appx"; sourceTree = "<group>"; };
		4CAC1C252135DCC0005C3B2C /* language-uk.appx */ = {isa = PBXFileReference; lastKnownFileType = file; path = "language-uk.appx"; sourceTree = "<group>"; };
		4CAC1C262135DCC0005C3B2C /* language-zh-hans.appx */ = {isa = PBXFileReference; lastKnownFileType = file; path = "language-zh-hans.appx"; sourceTree = "<group>"; };
		4CAC1C272135DCC0005C3B2C /* language-zh-hant.appx */ = {isa = PBXFileReference; lastKnownFileType = file; path = "language-zh-hant.appx"; sourceTree = "<group>"; };
		4CAC1C282135DCC0005C3B2C /* main_ARM.appx */ = {isa = PBXFileReference; lastKnownFileType = file; path = main_ARM.appx; sourceTree = "<group>"; };
		4CAC1C292135DCC0005C3B2C /* main_x64.appx */ = {isa = PBXFileReference; lastKnownFileType = file; path = main_x64.appx; sourceTree = "<group>"; };
		4CAC1C2A2135DCC0005C3B2C /* main_x86.appx */ = {isa = PBXFileReference; lastKnownFileType = file; path = main_x86.appx; sourceTree = "<group>"; };
		4CAC1C2B2135DCC0005C3B2C /* scale-140.appx */ = {isa = PBXFileReference; lastKnownFileType = file; path = "scale-140.appx"; sourceTree = "<group>"; };
		4CAC1C2C2135DCC0005C3B2C /* scale-180.appx */ = {isa = PBXFileReference; lastKnownFileType = file; path = "scale-180.appx"; sourceTree = "<group>"; };
		4CAC1C2D2135DCC0005C3B2C /* scale-240.appx */ = {isa = PBXFileReference; lastKnownFileType = file; path = "scale-240.appx"; sourceTree = "<group>"; };
		4CDE14A121A493960085A796 /* IntlPackage.appx */ = {isa = PBXFileReference; lastKnownFileType = file; path = IntlPackage.appx; sourceTree = "<group>"; };
		4CDE14A421ACC9CB0085A796 /* BundleWithIntlPackage.appxbundle */ = {isa = PBXFileReference; lastKnownFileType = file; path = BundleWithIntlPackage.appxbundle; sourceTree = "<group>"; };
		6A0FC3D62179413E003B606A /* NotepadPlusPlus.appx */ = {isa = PBXFileReference; lastKnownFileType = file; path = NotepadPlusPlus.appx; sourceTree = "<group>"; };
		EEE4054B20225CDF007B25CE /* iOSBVT.app */ = {isa = PBXFileReference; explicitFileType = wrapper.application; includeInIndex = 0; path = iOSBVT.app; sourceTree = BUILT_PRODUCTS_DIR; };
		EEE4054E20225CDF007B25CE /* AppDelegate.h */ = {isa = PBXFileReference; lastKnownFileType = sourcecode.c.h; path = AppDelegate.h; sourceTree = "<group>"; };
		EEE4054F20225CDF007B25CE /* AppDelegate.m */ = {isa = PBXFileReference; lastKnownFileType = sourcecode.c.objc; path = AppDelegate.m; sourceTree = "<group>"; };
		EEE4055120225CDF007B25CE /* ViewController.h */ = {isa = PBXFileReference; lastKnownFileType = sourcecode.c.h; path = ViewController.h; sourceTree = "<group>"; };
		EEE4055220225CDF007B25CE /* ViewController.m */ = {isa = PBXFileReference; lastKnownFileType = sourcecode.c.objc; path = ViewController.m; sourceTree = "<group>"; };
		EEE4055520225CDF007B25CE /* Base */ = {isa = PBXFileReference; lastKnownFileType = file.storyboard; name = Base; path = Base.lproj/Main.storyboard; sourceTree = "<group>"; };
		EEE4055720225CDF007B25CE /* Assets.xcassets */ = {isa = PBXFileReference; lastKnownFileType = folder.assetcatalog; path = Assets.xcassets; sourceTree = "<group>"; };
		EEE4055A20225CDF007B25CE /* Base */ = {isa = PBXFileReference; lastKnownFileType = file.storyboard; name = Base; path = Base.lproj/LaunchScreen.storyboard; sourceTree = "<group>"; };
		EEE4055C20225CDF007B25CE /* Info.plist */ = {isa = PBXFileReference; lastKnownFileType = text.plist.xml; path = Info.plist; sourceTree = "<group>"; };
		EEE4055D20225CDF007B25CE /* main.m */ = {isa = PBXFileReference; lastKnownFileType = sourcecode.c.objc; path = main.m; sourceTree = "<group>"; };
		EEE4056D20225EF5007B25CE /* Bad_Namespace_Blockmap.appx */ = {isa = PBXFileReference; lastKnownFileType = file; path = Bad_Namespace_Blockmap.appx; sourceTree = "<group>"; };
		EEE4056E20225EF5007B25CE /* ContentTypes_in_blockmap.appx */ = {isa = PBXFileReference; lastKnownFileType = file; path = ContentTypes_in_blockmap.appx; sourceTree = "<group>"; };
		EEE4056F20225EF5007B25CE /* Duplicate_file_in_blockmap.appx */ = {isa = PBXFileReference; lastKnownFileType = file; path = Duplicate_file_in_blockmap.appx; sourceTree = "<group>"; };
		EEE4057420225EF5007B25CE /* Missing_Manifest_in_blockmap.appx */ = {isa = PBXFileReference; lastKnownFileType = file; path = Missing_Manifest_in_blockmap.appx; sourceTree = "<group>"; };
		EEE4057520225EF5007B25CE /* No_blockmap.appx */ = {isa = PBXFileReference; lastKnownFileType = file; path = No_blockmap.appx; sourceTree = "<group>"; };
		EEE4057720225EF5007B25CE /* CentennialCoffee.appx */ = {isa = PBXFileReference; lastKnownFileType = file; path = CentennialCoffee.appx; sourceTree = "<group>"; };
		EEE4057820225EF5007B25CE /* Empty.appx */ = {isa = PBXFileReference; fileEncoding = 4; lastKnownFileType = text; path = Empty.appx; sourceTree = "<group>"; };
		EEE4057920225EF5007B25CE /* HelloWorld.appx */ = {isa = PBXFileReference; lastKnownFileType = file; path = HelloWorld.appx; sourceTree = "<group>"; };
		EEE4057A20225EF5007B25CE /* InvalidSignatureBadCodeIntegrity.appx */ = {isa = PBXFileReference; lastKnownFileType = file; path = InvalidSignatureBadCodeIntegrity.appx; sourceTree = "<group>"; };
		EEE4057B20225EF5007B25CE /* InvalidSignatureInvalidCodeIntegrityXML.appx */ = {isa = PBXFileReference; lastKnownFileType = file; path = InvalidSignatureInvalidCodeIntegrityXML.appx; sourceTree = "<group>"; };
		EEE4057C20225EF5007B25CE /* OPC_E_ZIP_CORRUPTED_ARCHIVE.appx */ = {isa = PBXFileReference; lastKnownFileType = file; path = OPC_E_ZIP_CORRUPTED_ARCHIVE.appx; sourceTree = "<group>"; };
		EEE4057D20225EF5007B25CE /* SignatureNotLastPart-ERROR_BAD_FORMAT.appx */ = {isa = PBXFileReference; lastKnownFileType = file; path = "SignatureNotLastPart-ERROR_BAD_FORMAT.appx"; sourceTree = "<group>"; };
		EEE4057E20225EF5007B25CE /* SignedMismatchedPublisherName-ERROR_BAD_FORMAT.appx */ = {isa = PBXFileReference; lastKnownFileType = file; path = "SignedMismatchedPublisherName-ERROR_BAD_FORMAT.appx"; sourceTree = "<group>"; };
		EEE4057F20225EF5007B25CE /* SignedTamperedBlockMap-TRUST_E_BAD_DIGEST.appx */ = {isa = PBXFileReference; lastKnownFileType = file; path = "SignedTamperedBlockMap-TRUST_E_BAD_DIGEST.appx"; sourceTree = "<group>"; };
		EEE4058020225EF5007B25CE /* SignedTamperedCD-TRUST_E_BAD_DIGEST.appx */ = {isa = PBXFileReference; lastKnownFileType = file; path = "SignedTamperedCD-TRUST_E_BAD_DIGEST.appx"; sourceTree = "<group>"; };
		EEE4058120225EF5007B25CE /* SignedTamperedCodeIntegrity-TRUST_E_BAD_DIGEST.appx */ = {isa = PBXFileReference; lastKnownFileType = file; path = "SignedTamperedCodeIntegrity-TRUST_E_BAD_DIGEST.appx"; sourceTree = "<group>"; };
		EEE4058220225EF5007B25CE /* SignedTamperedContentTypes-TRUST_E_BAD_DIGEST.appx */ = {isa = PBXFileReference; lastKnownFileType = file; path = "SignedTamperedContentTypes-TRUST_E_BAD_DIGEST.appx"; sourceTree = "<group>"; };
		EEE4058320225EF5007B25CE /* SignedUntrustedCert-CERT_E_CHAINING.appx */ = {isa = PBXFileReference; lastKnownFileType = file; path = "SignedUntrustedCert-CERT_E_CHAINING.appx"; sourceTree = "<group>"; };
		EEE4058420225EF5007B25CE /* StoreSigned_Desktop_x64_MoviesTV.appx */ = {isa = PBXFileReference; lastKnownFileType = file; path = StoreSigned_Desktop_x64_MoviesTV.appx; sourceTree = "<group>"; };
		EEE4058520225EF5007B25CE /* TestAppxPackage_Win32.appx */ = {isa = PBXFileReference; lastKnownFileType = file; path = TestAppxPackage_Win32.appx; sourceTree = "<group>"; };
		EEE4058620225EF5007B25CE /* TestAppxPackage_x64.appx */ = {isa = PBXFileReference; lastKnownFileType = file; path = TestAppxPackage_x64.appx; sourceTree = "<group>"; };
		EEE4058720225EF5007B25CE /* UnsignedZip64WithCI-APPX_E_MISSING_REQUIRED_FILE.appx */ = {isa = PBXFileReference; lastKnownFileType = file; path = "UnsignedZip64WithCI-APPX_E_MISSING_REQUIRED_FILE.appx"; sourceTree = "<group>"; };
/* End PBXFileReference section */

/* Begin PBXFrameworksBuildPhase section */
		EEE4054820225CDF007B25CE /* Frameworks */ = {
			isa = PBXFrameworksBuildPhase;
			buildActionMask = 2147483647;
			files = (
				4C14D5D52204CC2A0034C5CE /* libmsix.dylib in Frameworks */,
				4C14D5D62204CC2A0034C5CE /* libmsixtestcommon.dylib in Frameworks */,
			);
			runOnlyForDeploymentPostprocessing = 0;
		};
/* End PBXFrameworksBuildPhase section */

/* Begin PBXGroup section */
		4C7F375120783FC2002942F4 /* bundles */ = {
			isa = PBXGroup;
			children = (
				4CDE14A421ACC9CB0085A796 /* BundleWithIntlPackage.appxbundle */,
				4C7F375220783FC2002942F4 /* BlockMapContainsPayloadPackage.appxbundle */,
				4C7F375320783FC2002942F4 /* BlockMapIsMissing.appxbundle */,
				4C7F375420783FC2002942F4 /* BlockMapViolatesSchema.appxbundle */,
				4C7F375520783FC2002942F4 /* ContainsNeutralAndX86AppPackages.appxbundle */,
				4C7F375620783FC2002942F4 /* ContainsNoPayload.appxbundle */,
				4C7F375720783FC2002942F4 /* ContainsOnlyResourcePackages.appxbundle */,
				4C7F375820783FC2002942F4 /* ContainsTwoNeutralAppPackages.appxbundle */,
				4C7F375920783FC2002942F4 /* MainBundle.appxbundle */,
				4C7F375A20783FC2002942F4 /* ManifestDeclaresAppPackageForResourcePackage.appxbundle */,
				4C7F375B20783FC2002942F4 /* ManifestDeclaresResourcePackageForAppPackage.appxbundle */,
				4C7F375C20783FC2002942F4 /* ManifestHasExtraPackage.appxbundle */,
				4C7F375D20783FC2002942F4 /* ManifestIsMissing.appxbundle */,
				4C7F375E20783FC2002942F4 /* ManifestPackageHasIncorrectArchitecture.appxbundle */,
				4C7F375F20783FC2002942F4 /* ManifestPackageHasIncorrectName.appxbundle */,
				4C7F376020783FC2002942F4 /* ManifestPackageHasIncorrectPublisher.appxbundle */,
				4C7F376120783FC2002942F4 /* ManifestPackageHasIncorrectSize.appxbundle */,
				4C7F376220783FC2002942F4 /* ManifestPackageHasIncorrectVersion.appxbundle */,
				4C7F376320783FC2002942F4 /* ManifestPackageHasInvalidOffset.appxbundle */,
				4C7F376420783FC2002942F4 /* ManifestPackageHasInvalidRange.appxbundle */,
				4C7F376520783FC2002942F4 /* ManifestViolatesSchema.appxbundle */,
				4C7F376620783FC2002942F4 /* PayloadPackageHasNonAppxExtension.appxbundle */,
				4C7F376720783FC2002942F4 /* PayloadPackageIsCompressed.appxbundle */,
				4C7F376820783FC2002942F4 /* PayloadPackageIsEmpty.appxbundle */,
				4C7F376920783FC2002942F4 /* PayloadPackageIsNotAppxPackage.appxbundle */,
				4C7F376A20783FC2002942F4 /* PayloadPackageNotListedInManifest.appxbundle */,
				4C7F376B20783FC2002942F4 /* SignedUntrustedCert-CERT_E_CHAINING.appxbundle */,
				4C7F376C20783FC2002942F4 /* StoreSigned_Desktop_x86_x64_MoviesTV.appxbundle */,
			);
			name = bundles;
			path = ../../appx/bundles;
			sourceTree = "<group>";
		};
		4C80CD9C216EE2B7008E3292 /* महसुस */ = {
			isa = PBXGroup;
			children = (
				4C80CD9D216EE2B7008E3292 /* StoreSigned_Desktop_x64_MoviesTV.appx */,
			);
			path = "महसुस";
			sourceTree = "<group>";
		};
		4CA491B621F282CC00F0ADB0 /* Frameworks */ = {
			isa = PBXGroup;
			children = (
				4C14D5D32204CC2A0034C5CE /* libmsix.dylib */,
				4C14D5D42204CC2A0034C5CE /* libmsixtestcommon.dylib */,
			);
			name = Frameworks;
			sourceTree = "<group>";
		};
		4CAC1C192135DCC0005C3B2C /* flat */ = {
			isa = PBXGroup;
			children = (
				4CAC1C1A2135DCC0005C3B2C /* assets.appx */,
				4CAC1C1B2135DCC0005C3B2C /* FlatBundleWithAsset.appxbundle */,
				4CAC1C1C2135DCC0005C3B2C /* language-de.appx */,
				4CAC1C1D2135DCC0005C3B2C /* language-en.appx */,
				4CAC1C1E2135DCC0005C3B2C /* language-es.appx */,
				4CAC1C1F2135DCC0005C3B2C /* language-fr.appx */,
				4CAC1C202135DCC0005C3B2C /* language-it.appx */,
				4CAC1C212135DCC0005C3B2C /* language-ja.appx */,
				4CAC1C222135DCC0005C3B2C /* language-ko.appx */,
				4CAC1C232135DCC0005C3B2C /* language-pt.appx */,
				4CAC1C242135DCC0005C3B2C /* language-ru.appx */,
				4CAC1C252135DCC0005C3B2C /* language-uk.appx */,
				4CAC1C262135DCC0005C3B2C /* language-zh-hans.appx */,
				4CAC1C272135DCC0005C3B2C /* language-zh-hant.appx */,
				4CAC1C282135DCC0005C3B2C /* main_ARM.appx */,
				4CAC1C292135DCC0005C3B2C /* main_x64.appx */,
				4CAC1C2A2135DCC0005C3B2C /* main_x86.appx */,
				4CAC1C2B2135DCC0005C3B2C /* scale-140.appx */,
				4CAC1C2C2135DCC0005C3B2C /* scale-180.appx */,
				4CAC1C2D2135DCC0005C3B2C /* scale-240.appx */,
			);
			name = flat;
			path = ../../appx/flat;
			sourceTree = "<group>";
		};
		EEE4054220225CDE007B25CE = {
			isa = PBXGroup;
			children = (
				4CA491B421F26C4000F0ADB0 /* apitest_test_1.txt */,
				4CAC1C192135DCC0005C3B2C /* flat */,
				4C7F375120783FC2002942F4 /* bundles */,
				EEE4054D20225CDF007B25CE /* iOSBVT */,
				EEE4054C20225CDF007B25CE /* Products */,
				EEE4056B20225EF5007B25CE /* appx */,
				4CA491B621F282CC00F0ADB0 /* Frameworks */,
			);
			sourceTree = "<group>";
		};
		EEE4054C20225CDF007B25CE /* Products */ = {
			isa = PBXGroup;
			children = (
				EEE4054B20225CDF007B25CE /* iOSBVT.app */,
			);
			name = Products;
			sourceTree = "<group>";
		};
		EEE4054D20225CDF007B25CE /* iOSBVT */ = {
			isa = PBXGroup;
			children = (
				EEE4054E20225CDF007B25CE /* AppDelegate.h */,
				EEE4054F20225CDF007B25CE /* AppDelegate.m */,
				EEE4055120225CDF007B25CE /* ViewController.h */,
				EEE4055220225CDF007B25CE /* ViewController.m */,
				EEE4055420225CDF007B25CE /* Main.storyboard */,
				EEE4055720225CDF007B25CE /* Assets.xcassets */,
				EEE4055920225CDF007B25CE /* LaunchScreen.storyboard */,
				EEE4055C20225CDF007B25CE /* Info.plist */,
				EEE4055D20225CDF007B25CE /* main.m */,
			);
			path = iOSBVT;
			sourceTree = "<group>";
		};
		EEE4056B20225EF5007B25CE /* appx */ = {
			isa = PBXGroup;
			children = (
				4CDE14A121A493960085A796 /* IntlPackage.appx */,
				4C80CD9C216EE2B7008E3292 /* महसुस */,
				EEE4056C20225EF5007B25CE /* BlockMap */,
				EEE4057720225EF5007B25CE /* CentennialCoffee.appx */,
				EEE4057820225EF5007B25CE /* Empty.appx */,
				EEE4057920225EF5007B25CE /* HelloWorld.appx */,
				6A0FC3D62179413E003B606A /* NotepadPlusPlus.appx */,
				EEE4057A20225EF5007B25CE /* InvalidSignatureBadCodeIntegrity.appx */,
				EEE4057B20225EF5007B25CE /* InvalidSignatureInvalidCodeIntegrityXML.appx */,
				EEE4057C20225EF5007B25CE /* OPC_E_ZIP_CORRUPTED_ARCHIVE.appx */,
				EEE4057D20225EF5007B25CE /* SignatureNotLastPart-ERROR_BAD_FORMAT.appx */,
				EEE4057E20225EF5007B25CE /* SignedMismatchedPublisherName-ERROR_BAD_FORMAT.appx */,
				EEE4057F20225EF5007B25CE /* SignedTamperedBlockMap-TRUST_E_BAD_DIGEST.appx */,
				EEE4058020225EF5007B25CE /* SignedTamperedCD-TRUST_E_BAD_DIGEST.appx */,
				EEE4058120225EF5007B25CE /* SignedTamperedCodeIntegrity-TRUST_E_BAD_DIGEST.appx */,
				EEE4058220225EF5007B25CE /* SignedTamperedContentTypes-TRUST_E_BAD_DIGEST.appx */,
				EEE4058320225EF5007B25CE /* SignedUntrustedCert-CERT_E_CHAINING.appx */,
				EEE4058420225EF5007B25CE /* StoreSigned_Desktop_x64_MoviesTV.appx */,
				EEE4058520225EF5007B25CE /* TestAppxPackage_Win32.appx */,
				EEE4058620225EF5007B25CE /* TestAppxPackage_x64.appx */,
				EEE4058720225EF5007B25CE /* UnsignedZip64WithCI-APPX_E_MISSING_REQUIRED_FILE.appx */,
			);
			name = appx;
			path = ../../appx;
			sourceTree = "<group>";
		};
		EEE4056C20225EF5007B25CE /* BlockMap */ = {
			isa = PBXGroup;
			children = (
				4C074DFD225EA8D100123C06 /* Size_wrong_uncompressed.msix */,
				4C074DFB225EA8C100123C06 /* Invalid_Bad_Block.msix */,
				4C074DF9225EA8AD00123C06 /* File_missing_from_blockmap.msix */,
				4C074DF7225EA89700123C06 /* Extra_file_in_blockmap.msix */,
				EEE4056D20225EF5007B25CE /* Bad_Namespace_Blockmap.appx */,
				EEE4056E20225EF5007B25CE /* ContentTypes_in_blockmap.appx */,
				EEE4056F20225EF5007B25CE /* Duplicate_file_in_blockmap.appx */,
				EEE4057420225EF5007B25CE /* Missing_Manifest_in_blockmap.appx */,
				EEE4057520225EF5007B25CE /* No_blockmap.appx */,
			);
			path = BlockMap;
			sourceTree = "<group>";
		};
/* End PBXGroup section */

/* Begin PBXNativeTarget section */
		EEE4054A20225CDF007B25CE /* iOSBVT */ = {
			isa = PBXNativeTarget;
			buildConfigurationList = EEE4056120225CDF007B25CE /* Build configuration list for PBXNativeTarget "iOSBVT" */;
			buildPhases = (
				EEE4054720225CDF007B25CE /* Sources */,
				EEE4054820225CDF007B25CE /* Frameworks */,
				EEE4054920225CDF007B25CE /* Resources */,
				EEE4056820225E11007B25CE /* Copy Files */,
				EEE405A320227E6D007B25CE /* CopyFiles */,
				EEE405B520227ECB007B25CE /* CopyFiles */,
				4C7F375020783F90002942F4 /* CopyFiles */,
				4CAC1C182135DC9A005C3B2C /* CopyFiles */,
				4C80CD9F216EE301008E3292 /* CopyFiles */,
			);
			buildRules = (
			);
			dependencies = (
			);
			name = iOSBVT;
			productName = iOSBVT;
			productReference = EEE4054B20225CDF007B25CE /* iOSBVT.app */;
			productType = "com.apple.product-type.application";
		};
/* End PBXNativeTarget section */

/* Begin PBXProject section */
		EEE4054320225CDE007B25CE /* Project object */ = {
			isa = PBXProject;
			attributes = {
				LastUpgradeCheck = 0920;
				ORGANIZATIONNAME = Microsoft;
				TargetAttributes = {
					EEE4054A20225CDF007B25CE = {
						CreatedOnToolsVersion = 9.2;
						ProvisioningStyle = Automatic;
					};
				};
			};
			buildConfigurationList = EEE4054620225CDE007B25CE /* Build configuration list for PBXProject "iOSBVT" */;
			compatibilityVersion = "Xcode 8.0";
			developmentRegion = en;
			hasScannedForEncodings = 0;
			knownRegions = (
				en,
				Base,
			);
			mainGroup = EEE4054220225CDE007B25CE;
			productRefGroup = EEE4054C20225CDF007B25CE /* Products */;
			projectDirPath = "";
			projectRoot = "";
			targets = (
				EEE4054A20225CDF007B25CE /* iOSBVT */,
			);
		};
/* End PBXProject section */

/* Begin PBXResourcesBuildPhase section */
		EEE4054920225CDF007B25CE /* Resources */ = {
			isa = PBXResourcesBuildPhase;
			buildActionMask = 2147483647;
			files = (
				EEE4055820225CDF007B25CE /* Assets.xcassets in Resources */,
				EEE4055620225CDF007B25CE /* Main.storyboard in Resources */,
			);
			runOnlyForDeploymentPostprocessing = 0;
		};
/* End PBXResourcesBuildPhase section */

/* Begin PBXSourcesBuildPhase section */
		EEE4054720225CDF007B25CE /* Sources */ = {
			isa = PBXSourcesBuildPhase;
			buildActionMask = 2147483647;
			files = (
				EEE4055320225CDF007B25CE /* ViewController.m in Sources */,
				EEE4055E20225CDF007B25CE /* main.m in Sources */,
				EEE4055020225CDF007B25CE /* AppDelegate.m in Sources */,
			);
			runOnlyForDeploymentPostprocessing = 0;
		};
/* End PBXSourcesBuildPhase section */

/* Begin PBXVariantGroup section */
		EEE4055420225CDF007B25CE /* Main.storyboard */ = {
			isa = PBXVariantGroup;
			children = (
				EEE4055520225CDF007B25CE /* Base */,
			);
			name = Main.storyboard;
			sourceTree = "<group>";
		};
		EEE4055920225CDF007B25CE /* LaunchScreen.storyboard */ = {
			isa = PBXVariantGroup;
			children = (
				EEE4055A20225CDF007B25CE /* Base */,
			);
			name = LaunchScreen.storyboard;
			sourceTree = "<group>";
		};
/* End PBXVariantGroup section */

/* Begin XCBuildConfiguration section */
		EEE4055F20225CDF007B25CE /* Debug */ = {
			isa = XCBuildConfiguration;
			buildSettings = {
				ALWAYS_SEARCH_USER_PATHS = NO;
				CLANG_ANALYZER_NONNULL = YES;
				CLANG_ANALYZER_NUMBER_OBJECT_CONVERSION = YES_AGGRESSIVE;
				CLANG_CXX_LANGUAGE_STANDARD = "gnu++14";
				CLANG_CXX_LIBRARY = "libc++";
				CLANG_ENABLE_MODULES = YES;
				CLANG_ENABLE_OBJC_ARC = YES;
				CLANG_WARN_BLOCK_CAPTURE_AUTORELEASING = YES;
				CLANG_WARN_BOOL_CONVERSION = YES;
				CLANG_WARN_COMMA = YES;
				CLANG_WARN_CONSTANT_CONVERSION = YES;
				CLANG_WARN_DIRECT_OBJC_ISA_USAGE = YES_ERROR;
				CLANG_WARN_DOCUMENTATION_COMMENTS = YES;
				CLANG_WARN_EMPTY_BODY = YES;
				CLANG_WARN_ENUM_CONVERSION = YES;
				CLANG_WARN_INFINITE_RECURSION = YES;
				CLANG_WARN_INT_CONVERSION = YES;
				CLANG_WARN_NON_LITERAL_NULL_CONVERSION = YES;
				CLANG_WARN_OBJC_LITERAL_CONVERSION = YES;
				CLANG_WARN_OBJC_ROOT_CLASS = YES_ERROR;
				CLANG_WARN_RANGE_LOOP_ANALYSIS = YES;
				CLANG_WARN_STRICT_PROTOTYPES = YES;
				CLANG_WARN_SUSPICIOUS_MOVE = YES;
				CLANG_WARN_UNGUARDED_AVAILABILITY = YES_AGGRESSIVE;
				CLANG_WARN_UNREACHABLE_CODE = YES;
				CLANG_WARN__DUPLICATE_METHOD_MATCH = YES;
				CODE_SIGN_IDENTITY = "iPhone Developer";
				COPY_PHASE_STRIP = NO;
				DEBUG_INFORMATION_FORMAT = dwarf;
				ENABLE_STRICT_OBJC_MSGSEND = YES;
				ENABLE_TESTABILITY = YES;
				GCC_C_LANGUAGE_STANDARD = gnu11;
				GCC_DYNAMIC_NO_PIC = NO;
				GCC_NO_COMMON_BLOCKS = YES;
				GCC_OPTIMIZATION_LEVEL = 0;
				GCC_PREPROCESSOR_DEFINITIONS = (
					"DEBUG=1",
					"$(inherited)",
				);
				GCC_WARN_64_TO_32_BIT_CONVERSION = YES;
				GCC_WARN_ABOUT_RETURN_TYPE = YES_ERROR;
				GCC_WARN_UNDECLARED_SELECTOR = YES;
				GCC_WARN_UNINITIALIZED_AUTOS = YES_AGGRESSIVE;
				GCC_WARN_UNUSED_FUNCTION = YES;
				GCC_WARN_UNUSED_VARIABLE = YES;
				IPHONEOS_DEPLOYMENT_TARGET = 11.2;
				MTL_ENABLE_DEBUG_INFO = YES;
				ONLY_ACTIVE_ARCH = YES;
				SDKROOT = iphoneos;
			};
			name = Debug;
		};
		EEE4056020225CDF007B25CE /* Release */ = {
			isa = XCBuildConfiguration;
			buildSettings = {
				ALWAYS_SEARCH_USER_PATHS = NO;
				CLANG_ANALYZER_NONNULL = YES;
				CLANG_ANALYZER_NUMBER_OBJECT_CONVERSION = YES_AGGRESSIVE;
				CLANG_CXX_LANGUAGE_STANDARD = "gnu++14";
				CLANG_CXX_LIBRARY = "libc++";
				CLANG_ENABLE_MODULES = YES;
				CLANG_ENABLE_OBJC_ARC = YES;
				CLANG_WARN_BLOCK_CAPTURE_AUTORELEASING = YES;
				CLANG_WARN_BOOL_CONVERSION = YES;
				CLANG_WARN_COMMA = YES;
				CLANG_WARN_CONSTANT_CONVERSION = YES;
				CLANG_WARN_DIRECT_OBJC_ISA_USAGE = YES_ERROR;
				CLANG_WARN_DOCUMENTATION_COMMENTS = YES;
				CLANG_WARN_EMPTY_BODY = YES;
				CLANG_WARN_ENUM_CONVERSION = YES;
				CLANG_WARN_INFINITE_RECURSION = YES;
				CLANG_WARN_INT_CONVERSION = YES;
				CLANG_WARN_NON_LITERAL_NULL_CONVERSION = YES;
				CLANG_WARN_OBJC_LITERAL_CONVERSION = YES;
				CLANG_WARN_OBJC_ROOT_CLASS = YES_ERROR;
				CLANG_WARN_RANGE_LOOP_ANALYSIS = YES;
				CLANG_WARN_STRICT_PROTOTYPES = YES;
				CLANG_WARN_SUSPICIOUS_MOVE = YES;
				CLANG_WARN_UNGUARDED_AVAILABILITY = YES_AGGRESSIVE;
				CLANG_WARN_UNREACHABLE_CODE = YES;
				CLANG_WARN__DUPLICATE_METHOD_MATCH = YES;
				CODE_SIGN_IDENTITY = "iPhone Developer";
				COPY_PHASE_STRIP = NO;
				DEBUG_INFORMATION_FORMAT = "dwarf-with-dsym";
				ENABLE_NS_ASSERTIONS = NO;
				ENABLE_STRICT_OBJC_MSGSEND = YES;
				GCC_C_LANGUAGE_STANDARD = gnu11;
				GCC_NO_COMMON_BLOCKS = YES;
				GCC_WARN_64_TO_32_BIT_CONVERSION = YES;
				GCC_WARN_ABOUT_RETURN_TYPE = YES_ERROR;
				GCC_WARN_UNDECLARED_SELECTOR = YES;
				GCC_WARN_UNINITIALIZED_AUTOS = YES_AGGRESSIVE;
				GCC_WARN_UNUSED_FUNCTION = YES;
				GCC_WARN_UNUSED_VARIABLE = YES;
				IPHONEOS_DEPLOYMENT_TARGET = 11.2;
				MTL_ENABLE_DEBUG_INFO = NO;
				SDKROOT = iphoneos;
				VALIDATE_PRODUCT = YES;
			};
			name = Release;
		};
		EEE4056220225CDF007B25CE /* Debug */ = {
			isa = XCBuildConfiguration;
			buildSettings = {
				ASSETCATALOG_COMPILER_APPICON_NAME = AppIcon;
				CODE_SIGN_STYLE = Automatic;
				DEVELOPMENT_TEAM = 958H8277WK;
				FRAMEWORK_SEARCH_PATHS = "";
				INFOPLIST_FILE = iOSBVT/Info.plist;
				LD_RUNPATH_SEARCH_PATHS = "$(inherited) @executable_path/Frameworks";
				LIBRARY_SEARCH_PATHS = ../../../.vs/lib;
				PRODUCT_BUNDLE_IDENTIFIER = Microsoft.iOSBVT;
				PRODUCT_NAME = "$(TARGET_NAME)";
				TARGETED_DEVICE_FAMILY = "1,2";
			};
			name = Debug;
		};
		EEE4056320225CDF007B25CE /* Release */ = {
			isa = XCBuildConfiguration;
			buildSettings = {
				ASSETCATALOG_COMPILER_APPICON_NAME = AppIcon;
				CODE_SIGN_STYLE = Automatic;
				DEVELOPMENT_TEAM = 958H8277WK;
				FRAMEWORK_SEARCH_PATHS = "";
				INFOPLIST_FILE = iOSBVT/Info.plist;
				LD_RUNPATH_SEARCH_PATHS = "$(inherited) @executable_path/Frameworks";
				LIBRARY_SEARCH_PATHS = ../../../.vs/lib;
				PRODUCT_BUNDLE_IDENTIFIER = Microsoft.iOSBVT;
				PRODUCT_NAME = "$(TARGET_NAME)";
				TARGETED_DEVICE_FAMILY = "1,2";
			};
			name = Release;
		};
/* End XCBuildConfiguration section */

/* Begin XCConfigurationList section */
		EEE4054620225CDE007B25CE /* Build configuration list for PBXProject "iOSBVT" */ = {
			isa = XCConfigurationList;
			buildConfigurations = (
				EEE4055F20225CDF007B25CE /* Debug */,
				EEE4056020225CDF007B25CE /* Release */,
			);
			defaultConfigurationIsVisible = 0;
			defaultConfigurationName = Release;
		};
		EEE4056120225CDF007B25CE /* Build configuration list for PBXNativeTarget "iOSBVT" */ = {
			isa = XCConfigurationList;
			buildConfigurations = (
				EEE4056220225CDF007B25CE /* Debug */,
				EEE4056320225CDF007B25CE /* Release */,
			);
			defaultConfigurationIsVisible = 0;
			defaultConfigurationName = Release;
		};
/* End XCConfigurationList section */
	};
	rootObject = EEE4054320225CDE007B25CE /* Project object */;
}
