// !$*UTF8*$!
{
	archiveVersion = 1;
	classes = {
	};
	objectVersion = 47;
	objects = {

/* Begin PBXBuildFile section */
		EE2E65C71F7610690070D4E4 /* Base64Stream.hpp in Headers */ = {isa = PBXBuildFile; fileRef = EE2E65BA1F7610690070D4E4 /* Base64Stream.hpp */; };
		EE2E65C81F7610690070D4E4 /* CRC32Stream.hpp in Headers */ = {isa = PBXBuildFile; fileRef = EE2E65BB1F7610690070D4E4 /* CRC32Stream.hpp */; };
		EE2E65C91F7610690070D4E4 /* Exceptions.hpp in Headers */ = {isa = PBXBuildFile; fileRef = EE2E65BC1F7610690070D4E4 /* Exceptions.hpp */; };
		EE2E65CA1F7610690070D4E4 /* FileStream.hpp in Headers */ = {isa = PBXBuildFile; fileRef = EE2E65BD1F7610690070D4E4 /* FileStream.hpp */; };
		EE2E65CB1F7610690070D4E4 /* ObjectBase.hpp in Headers */ = {isa = PBXBuildFile; fileRef = EE2E65BE1F7610690070D4E4 /* ObjectBase.hpp */; };
		EE2E65CC1F7610690070D4E4 /* OffsetStream.hpp in Headers */ = {isa = PBXBuildFile; fileRef = EE2E65BF1F7610690070D4E4 /* OffsetStream.hpp */; };
		EE2E65CD1F7610690070D4E4 /* PartitionStream.hpp in Headers */ = {isa = PBXBuildFile; fileRef = EE2E65C01F7610690070D4E4 /* PartitionStream.hpp */; };
		EE2E65CE1F7610690070D4E4 /* SequenceStream.hpp in Headers */ = {isa = PBXBuildFile; fileRef = EE2E65C11F7610690070D4E4 /* SequenceStream.hpp */; };
		EE2E65CF1F7610690070D4E4 /* SHA256Stream.hpp in Headers */ = {isa = PBXBuildFile; fileRef = EE2E65C21F7610690070D4E4 /* SHA256Stream.hpp */; };
		EE2E65D01F7610690070D4E4 /* StreamBase.hpp in Headers */ = {isa = PBXBuildFile; fileRef = EE2E65C31F7610690070D4E4 /* StreamBase.hpp */; };
		EE2E65D11F7610690070D4E4 /* xPlatAppx.hpp in Headers */ = {isa = PBXBuildFile; fileRef = EE2E65C41F7610690070D4E4 /* xPlatAppx.hpp */; };
		EE2E65D21F7610690070D4E4 /* ZipFileStream.hpp in Headers */ = {isa = PBXBuildFile; fileRef = EE2E65C51F7610690070D4E4 /* ZipFileStream.hpp */; };
		EE2E65D31F7610690070D4E4 /* ZipStream.hpp in Headers */ = {isa = PBXBuildFile; fileRef = EE2E65C61F7610690070D4E4 /* ZipStream.hpp */; };
		EE2E65D51F76109A0070D4E4 /* xPlatAppx.cpp in Sources */ = {isa = PBXBuildFile; fileRef = EE2E65D41F76109A0070D4E4 /* xPlatAppx.cpp */; };
/* End PBXBuildFile section */

/* Begin PBXFileReference section */
		EE2E65B31F760F210070D4E4 /* libxPlatAppx.dylib */ = {isa = PBXFileReference; explicitFileType = "compiled.mach-o.dylib"; includeInIndex = 0; path = libxPlatAppx.dylib; sourceTree = BUILT_PRODUCTS_DIR; };
		EE2E65BA1F7610690070D4E4 /* Base64Stream.hpp */ = {isa = PBXFileReference; fileEncoding = 4; lastKnownFileType = sourcecode.cpp.h; name = Base64Stream.hpp; path = ../../src/inc/Base64Stream.hpp; sourceTree = "<group>"; };
		EE2E65BB1F7610690070D4E4 /* CRC32Stream.hpp */ = {isa = PBXFileReference; fileEncoding = 4; lastKnownFileType = sourcecode.cpp.h; name = CRC32Stream.hpp; path = ../../src/inc/CRC32Stream.hpp; sourceTree = "<group>"; };
		EE2E65BC1F7610690070D4E4 /* Exceptions.hpp */ = {isa = PBXFileReference; fileEncoding = 4; lastKnownFileType = sourcecode.cpp.h; name = Exceptions.hpp; path = ../../src/inc/Exceptions.hpp; sourceTree = "<group>"; };
		EE2E65BD1F7610690070D4E4 /* FileStream.hpp */ = {isa = PBXFileReference; fileEncoding = 4; lastKnownFileType = sourcecode.cpp.h; name = FileStream.hpp; path = ../../src/inc/FileStream.hpp; sourceTree = "<group>"; };
		EE2E65BE1F7610690070D4E4 /* ObjectBase.hpp */ = {isa = PBXFileReference; fileEncoding = 4; lastKnownFileType = sourcecode.cpp.h; name = ObjectBase.hpp; path = ../../src/inc/ObjectBase.hpp; sourceTree = "<group>"; };
		EE2E65BF1F7610690070D4E4 /* OffsetStream.hpp */ = {isa = PBXFileReference; fileEncoding = 4; lastKnownFileType = sourcecode.cpp.h; name = OffsetStream.hpp; path = ../../src/inc/OffsetStream.hpp; sourceTree = "<group>"; };
		EE2E65C01F7610690070D4E4 /* PartitionStream.hpp */ = {isa = PBXFileReference; fileEncoding = 4; lastKnownFileType = sourcecode.cpp.h; name = PartitionStream.hpp; path = ../../src/inc/PartitionStream.hpp; sourceTree = "<group>"; };
		EE2E65C11F7610690070D4E4 /* SequenceStream.hpp */ = {isa = PBXFileReference; fileEncoding = 4; lastKnownFileType = sourcecode.cpp.h; name = SequenceStream.hpp; path = ../../src/inc/SequenceStream.hpp; sourceTree = "<group>"; };
		EE2E65C21F7610690070D4E4 /* SHA256Stream.hpp */ = {isa = PBXFileReference; fileEncoding = 4; lastKnownFileType = sourcecode.cpp.h; name = SHA256Stream.hpp; path = ../../src/inc/SHA256Stream.hpp; sourceTree = "<group>"; };
		EE2E65C31F7610690070D4E4 /* StreamBase.hpp */ = {isa = PBXFileReference; fileEncoding = 4; lastKnownFileType = sourcecode.cpp.h; name = StreamBase.hpp; path = ../../src/inc/StreamBase.hpp; sourceTree = "<group>"; };
		EE2E65C41F7610690070D4E4 /* xPlatAppx.hpp */ = {isa = PBXFileReference; fileEncoding = 4; lastKnownFileType = sourcecode.cpp.h; name = xPlatAppx.hpp; path = ../../src/inc/xPlatAppx.hpp; sourceTree = "<group>"; };
		EE2E65C51F7610690070D4E4 /* ZipFileStream.hpp */ = {isa = PBXFileReference; fileEncoding = 4; lastKnownFileType = sourcecode.cpp.h; name = ZipFileStream.hpp; path = ../../src/inc/ZipFileStream.hpp; sourceTree = "<group>"; };
		EE2E65C61F7610690070D4E4 /* ZipStream.hpp */ = {isa = PBXFileReference; fileEncoding = 4; lastKnownFileType = sourcecode.cpp.h; name = ZipStream.hpp; path = ../../src/inc/ZipStream.hpp; sourceTree = "<group>"; };
		EE2E65D41F76109A0070D4E4 /* xPlatAppx.cpp */ = {isa = PBXFileReference; fileEncoding = 4; lastKnownFileType = sourcecode.cpp.cpp; name = xPlatAppx.cpp; path = ../../src/xPlatAppx/xPlatAppx.cpp; sourceTree = "<group>"; };
/* End PBXFileReference section */

/* Begin PBXFrameworksBuildPhase section */
		EE2E65B01F760F200070D4E4 /* Frameworks */ = {
			isa = PBXFrameworksBuildPhase;
			buildActionMask = 2147483647;
			files = (
			);
			runOnlyForDeploymentPostprocessing = 0;
		};
/* End PBXFrameworksBuildPhase section */

/* Begin PBXGroup section */
		EE2E65AA1F760F200070D4E4 = {
			isa = PBXGroup;
			children = (
				EE2E65C41F7610690070D4E4 /* xPlatAppx.hpp */,
				EE2E65D41F76109A0070D4E4 /* xPlatAppx.cpp */,
				EE2E65BA1F7610690070D4E4 /* Base64Stream.hpp */,
				EE2E65BB1F7610690070D4E4 /* CRC32Stream.hpp */,
				EE2E65BC1F7610690070D4E4 /* Exceptions.hpp */,
				EE2E65BD1F7610690070D4E4 /* FileStream.hpp */,
				EE2E65BE1F7610690070D4E4 /* ObjectBase.hpp */,
				EE2E65BF1F7610690070D4E4 /* OffsetStream.hpp */,
				EE2E65C01F7610690070D4E4 /* PartitionStream.hpp */,
				EE2E65C11F7610690070D4E4 /* SequenceStream.hpp */,
				EE2E65C21F7610690070D4E4 /* SHA256Stream.hpp */,
				EE2E65C31F7610690070D4E4 /* StreamBase.hpp */,
				EE2E65C51F7610690070D4E4 /* ZipFileStream.hpp */,
				EE2E65C61F7610690070D4E4 /* ZipStream.hpp */,
				EE2E65B41F760F210070D4E4 /* Products */,
			);
			sourceTree = "<group>";
		};
		EE2E65B41F760F210070D4E4 /* Products */ = {
			isa = PBXGroup;
			children = (
				EE2E65B31F760F210070D4E4 /* libxPlatAppx.dylib */,
			);
			name = Products;
			sourceTree = "<group>";
		};
/* End PBXGroup section */

/* Begin PBXHeadersBuildPhase section */
		EE2E65B11F760F200070D4E4 /* Headers */ = {
			isa = PBXHeadersBuildPhase;
			buildActionMask = 2147483647;
			files = (
				EE2E65CF1F7610690070D4E4 /* SHA256Stream.hpp in Headers */,
				EE2E65CA1F7610690070D4E4 /* FileStream.hpp in Headers */,
				EE2E65C91F7610690070D4E4 /* Exceptions.hpp in Headers */,
				EE2E65D11F7610690070D4E4 /* xPlatAppx.hpp in Headers */,
				EE2E65D31F7610690070D4E4 /* ZipStream.hpp in Headers */,
				EE2E65C81F7610690070D4E4 /* CRC32Stream.hpp in Headers */,
				EE2E65CC1F7610690070D4E4 /* OffsetStream.hpp in Headers */,
				EE2E65D21F7610690070D4E4 /* ZipFileStream.hpp in Headers */,
				EE2E65C71F7610690070D4E4 /* Base64Stream.hpp in Headers */,
				EE2E65CE1F7610690070D4E4 /* SequenceStream.hpp in Headers */,
				EE2E65CD1F7610690070D4E4 /* PartitionStream.hpp in Headers */,
				EE2E65CB1F7610690070D4E4 /* ObjectBase.hpp in Headers */,
				EE2E65D01F7610690070D4E4 /* StreamBase.hpp in Headers */,
			);
			runOnlyForDeploymentPostprocessing = 0;
		};
/* End PBXHeadersBuildPhase section */

/* Begin PBXNativeTarget section */
		EE2E65B21F760F200070D4E4 /* xPlatAppx */ = {
			isa = PBXNativeTarget;
			buildConfigurationList = EE2E65B71F760F210070D4E4 /* Build configuration list for PBXNativeTarget "xPlatAppx" */;
			buildPhases = (
				EE2E65AF1F760F200070D4E4 /* Sources */,
				EE2E65B01F760F200070D4E4 /* Frameworks */,
				EE2E65B11F760F200070D4E4 /* Headers */,
			);
			buildRules = (
			);
			dependencies = (
			);
			name = xPlatAppx;
			productName = xPlatAppx;
			productReference = EE2E65B31F760F210070D4E4 /* libxPlatAppx.dylib */;
			productType = "com.apple.product-type.library.dynamic";
		};
/* End PBXNativeTarget section */

/* Begin PBXProject section */
		EE2E65AB1F760F200070D4E4 /* Project object */ = {
			isa = PBXProject;
			attributes = {
				LastUpgradeCheck = 0800;
				ORGANIZATIONNAME = Microsoft;
				TargetAttributes = {
					EE2E65B21F760F200070D4E4 = {
						CreatedOnToolsVersion = 8.0;
						ProvisioningStyle = Automatic;
					};
				};
			};
			buildConfigurationList = EE2E65AE1F760F200070D4E4 /* Build configuration list for PBXProject "xPlatAppx" */;
			compatibilityVersion = "Xcode 6.3";
			developmentRegion = English;
			hasScannedForEncodings = 0;
			knownRegions = (
				en,
			);
			mainGroup = EE2E65AA1F760F200070D4E4;
			productRefGroup = EE2E65B41F760F210070D4E4 /* Products */;
			projectDirPath = "";
			projectRoot = "";
			targets = (
				EE2E65B21F760F200070D4E4 /* xPlatAppx */,
			);
		};
/* End PBXProject section */

/* Begin PBXSourcesBuildPhase section */
		EE2E65AF1F760F200070D4E4 /* Sources */ = {
			isa = PBXSourcesBuildPhase;
			buildActionMask = 2147483647;
			files = (
				EE2E65D51F76109A0070D4E4 /* xPlatAppx.cpp in Sources */,
			);
			runOnlyForDeploymentPostprocessing = 0;
		};
/* End PBXSourcesBuildPhase section */

/* Begin XCBuildConfiguration section */
		EE2E65B51F760F210070D4E4 /* Debug */ = {
			isa = XCBuildConfiguration;
			buildSettings = {
				ALWAYS_SEARCH_USER_PATHS = NO;
				CLANG_ANALYZER_NONNULL = YES;
				CLANG_CXX_LANGUAGE_STANDARD = "gnu++0x";
				CLANG_CXX_LIBRARY = "libc++";
				CLANG_ENABLE_MODULES = YES;
				CLANG_ENABLE_OBJC_ARC = YES;
				CLANG_WARN_BOOL_CONVERSION = YES;
				CLANG_WARN_CONSTANT_CONVERSION = YES;
				CLANG_WARN_DIRECT_OBJC_ISA_USAGE = YES_ERROR;
				CLANG_WARN_DOCUMENTATION_COMMENTS = YES;
				CLANG_WARN_EMPTY_BODY = YES;
				CLANG_WARN_ENUM_CONVERSION = YES;
				CLANG_WARN_INFINITE_RECURSION = YES;
				CLANG_WARN_INT_CONVERSION = YES;
				CLANG_WARN_OBJC_ROOT_CLASS = YES_ERROR;
				CLANG_WARN_SUSPICIOUS_MOVES = YES;
				CLANG_WARN_UNREACHABLE_CODE = YES;
				CLANG_WARN__DUPLICATE_METHOD_MATCH = YES;
				CODE_SIGN_IDENTITY = "-";
				COPY_PHASE_STRIP = NO;
				DEBUG_INFORMATION_FORMAT = dwarf;
				ENABLE_STRICT_OBJC_MSGSEND = YES;
				ENABLE_TESTABILITY = YES;
				GCC_C_LANGUAGE_STANDARD = gnu99;
				GCC_DYNAMIC_NO_PIC = NO;
				GCC_NO_COMMON_BLOCKS = YES;
				GCC_OPTIMIZATION_LEVEL = 0;
				GCC_PREPROCESSOR_DEFINITIONS = (
					"DEBUG=1",
					"$(inherited)",
				);
				GCC_WARN_64_TO_32_BIT_CONVERSION = YES;
				GCC_WARN_ABOUT_RETURN_TYPE = YES_ERROR;
				GCC_WARN_UNDECLARED_SELECTOR = YES;
				GCC_WARN_UNINITIALIZED_AUTOS = YES_AGGRESSIVE;
				GCC_WARN_UNUSED_FUNCTION = YES;
				GCC_WARN_UNUSED_VARIABLE = YES;
				MACOSX_DEPLOYMENT_TARGET = 10.12;
				MTL_ENABLE_DEBUG_INFO = YES;
				ONLY_ACTIVE_ARCH = YES;
				SDKROOT = macosx;
			};
			name = Debug;
		};
		EE2E65B61F760F210070D4E4 /* Release */ = {
			isa = XCBuildConfiguration;
			buildSettings = {
				ALWAYS_SEARCH_USER_PATHS = NO;
				CLANG_ANALYZER_NONNULL = YES;
				CLANG_CXX_LANGUAGE_STANDARD = "gnu++0x";
				CLANG_CXX_LIBRARY = "libc++";
				CLANG_ENABLE_MODULES = YES;
				CLANG_ENABLE_OBJC_ARC = YES;
				CLANG_WARN_BOOL_CONVERSION = YES;
				CLANG_WARN_CONSTANT_CONVERSION = YES;
				CLANG_WARN_DIRECT_OBJC_ISA_USAGE = YES_ERROR;
				CLANG_WARN_DOCUMENTATION_COMMENTS = YES;
				CLANG_WARN_EMPTY_BODY = YES;
				CLANG_WARN_ENUM_CONVERSION = YES;
				CLANG_WARN_INFINITE_RECURSION = YES;
				CLANG_WARN_INT_CONVERSION = YES;
				CLANG_WARN_OBJC_ROOT_CLASS = YES_ERROR;
				CLANG_WARN_SUSPICIOUS_MOVES = YES;
				CLANG_WARN_UNREACHABLE_CODE = YES;
				CLANG_WARN__DUPLICATE_METHOD_MATCH = YES;
				CODE_SIGN_IDENTITY = "-";
				COPY_PHASE_STRIP = NO;
				DEBUG_INFORMATION_FORMAT = "dwarf-with-dsym";
				ENABLE_NS_ASSERTIONS = NO;
				ENABLE_STRICT_OBJC_MSGSEND = YES;
				GCC_C_LANGUAGE_STANDARD = gnu99;
				GCC_NO_COMMON_BLOCKS = YES;
				GCC_WARN_64_TO_32_BIT_CONVERSION = YES;
				GCC_WARN_ABOUT_RETURN_TYPE = YES_ERROR;
				GCC_WARN_UNDECLARED_SELECTOR = YES;
				GCC_WARN_UNINITIALIZED_AUTOS = YES_AGGRESSIVE;
				GCC_WARN_UNUSED_FUNCTION = YES;
				GCC_WARN_UNUSED_VARIABLE = YES;
				MACOSX_DEPLOYMENT_TARGET = 10.12;
				MTL_ENABLE_DEBUG_INFO = NO;
				SDKROOT = macosx;
			};
			name = Release;
		};
		EE2E65B81F760F210070D4E4 /* Debug */ = {
			isa = XCBuildConfiguration;
			buildSettings = {
				CLANG_CXX_LANGUAGE_STANDARD = "c++14";
				DYLIB_COMPATIBILITY_VERSION = 1;
				DYLIB_CURRENT_VERSION = 1;
				EXECUTABLE_PREFIX = lib;
				GCC_C_LANGUAGE_STANDARD = c11;
				GCC_PREPROCESSOR_DEFINITIONS_NOT_USED_IN_PRECOMPS = "PLATFORM_APPLE=1";
				GCC_SYMBOLS_PRIVATE_EXTERN = YES;
				PRODUCT_NAME = "$(TARGET_NAME)";
			};
			name = Debug;
		};
		EE2E65B91F760F210070D4E4 /* Release */ = {
			isa = XCBuildConfiguration;
			buildSettings = {
				CLANG_CXX_LANGUAGE_STANDARD = "c++14";
				DYLIB_COMPATIBILITY_VERSION = 1;
				DYLIB_CURRENT_VERSION = 1;
				EXECUTABLE_PREFIX = lib;
				GCC_C_LANGUAGE_STANDARD = c11;
				GCC_PREPROCESSOR_DEFINITIONS_NOT_USED_IN_PRECOMPS = "PLATFORM_APPLE=1";
				GCC_SYMBOLS_PRIVATE_EXTERN = YES;
				PRODUCT_NAME = "$(TARGET_NAME)";
			};
			name = Release;
		};
/* End XCBuildConfiguration section */

/* Begin XCConfigurationList section */
		EE2E65AE1F760F200070D4E4 /* Build configuration list for PBXProject "xPlatAppx" */ = {
			isa = XCConfigurationList;
			buildConfigurations = (
				EE2E65B51F760F210070D4E4 /* Debug */,
				EE2E65B61F760F210070D4E4 /* Release */,
			);
			defaultConfigurationIsVisible = 0;
			defaultConfigurationName = Release;
		};
		EE2E65B71F760F210070D4E4 /* Build configuration list for PBXNativeTarget "xPlatAppx" */ = {
			isa = XCConfigurationList;
			buildConfigurations = (
				EE2E65B81F760F210070D4E4 /* Debug */,
				EE2E65B91F760F210070D4E4 /* Release */,
			);
			defaultConfigurationIsVisible = 0;
		};
/* End XCConfigurationList section */
	};
	rootObject = EE2E65AB1F760F200070D4E4 /* Project object */;
}
