// !$*UTF8*$!
{
	archiveVersion = 1;
	classes = {
	};
	objectVersion = 46;
	objects = {

/* Begin PBXBuildFile section */
		EED4B3D11F6BAE3A00C2F5E9 /* main.cpp in Sources */ = {isa = PBXBuildFile; fileRef = EED4B3D01F6BAE3A00C2F5E9 /* main.cpp */; };
/* End PBXBuildFile section */

/* Begin PBXCopyFilesBuildPhase section */
		EED4B3CB1F6BAE3A00C2F5E9 /* CopyFiles */ = {
			isa = PBXCopyFilesBuildPhase;
			buildActionMask = 2147483647;
			dstPath = /usr/share/man/man1/;
			dstSubfolderSpec = 0;
			files = (
			);
			runOnlyForDeploymentPostprocessing = 1;
		};
/* End PBXCopyFilesBuildPhase section */

/* Begin PBXFileReference section */
		EED4B3CD1F6BAE3A00C2F5E9 /* MacXPlat */ = {isa = PBXFileReference; explicitFileType = "compiled.mach-o.executable"; includeInIndex = 0; path = MacXPlat; sourceTree = BUILT_PRODUCTS_DIR; };
		EED4B3D01F6BAE3A00C2F5E9 /* main.cpp */ = {isa = PBXFileReference; lastKnownFileType = sourcecode.cpp.cpp; path = main.cpp; sourceTree = "<group>"; };
		EED4B3D71F6E238E00C2F5E9 /* Base64Stream.hpp */ = {isa = PBXFileReference; fileEncoding = 4; lastKnownFileType = sourcecode.cpp.h; path = Base64Stream.hpp; sourceTree = "<group>"; };
		EED4B3D81F6E238E00C2F5E9 /* CRC32Stream.hpp */ = {isa = PBXFileReference; fileEncoding = 4; lastKnownFileType = sourcecode.cpp.h; path = CRC32Stream.hpp; sourceTree = "<group>"; };
		EED4B3D91F6E238E00C2F5E9 /* Exceptions.hpp */ = {isa = PBXFileReference; fileEncoding = 4; lastKnownFileType = sourcecode.cpp.h; path = Exceptions.hpp; sourceTree = "<group>"; };
		EED4B3DA1F6E238E00C2F5E9 /* FileStream.hpp */ = {isa = PBXFileReference; fileEncoding = 4; lastKnownFileType = sourcecode.cpp.h; path = FileStream.hpp; sourceTree = "<group>"; };
		EED4B3DB1F6E238E00C2F5E9 /* OffsetStream.hpp */ = {isa = PBXFileReference; fileEncoding = 4; lastKnownFileType = sourcecode.cpp.h; path = OffsetStream.hpp; sourceTree = "<group>"; };
		EED4B3DC1F6E238E00C2F5E9 /* PartitionStream.hpp */ = {isa = PBXFileReference; fileEncoding = 4; lastKnownFileType = sourcecode.cpp.h; path = PartitionStream.hpp; sourceTree = "<group>"; };
		EED4B3DD1F6E238E00C2F5E9 /* SequenceStream.hpp */ = {isa = PBXFileReference; fileEncoding = 4; lastKnownFileType = sourcecode.cpp.h; path = SequenceStream.hpp; sourceTree = "<group>"; };
		EED4B3DE1F6E238E00C2F5E9 /* SHA256Stream.hpp */ = {isa = PBXFileReference; fileEncoding = 4; lastKnownFileType = sourcecode.cpp.h; path = SHA256Stream.hpp; sourceTree = "<group>"; };
		EED4B3DF1F6E238E00C2F5E9 /* StreamBase.hpp */ = {isa = PBXFileReference; fileEncoding = 4; lastKnownFileType = sourcecode.cpp.h; path = StreamBase.hpp; sourceTree = "<group>"; };
		EED4B3E01F6E238E00C2F5E9 /* ZipFileStream.hpp */ = {isa = PBXFileReference; fileEncoding = 4; lastKnownFileType = sourcecode.cpp.h; path = ZipFileStream.hpp; sourceTree = "<group>"; };
		EED4B3E11F6E238E00C2F5E9 /* ZipStream.hpp */ = {isa = PBXFileReference; fileEncoding = 4; lastKnownFileType = sourcecode.cpp.h; path = ZipStream.hpp; sourceTree = "<group>"; };
/* End PBXFileReference section */

/* Begin PBXFrameworksBuildPhase section */
		EED4B3CA1F6BAE3A00C2F5E9 /* Frameworks */ = {
			isa = PBXFrameworksBuildPhase;
			buildActionMask = 2147483647;
			files = (
			);
			runOnlyForDeploymentPostprocessing = 0;
		};
/* End PBXFrameworksBuildPhase section */

/* Begin PBXGroup section */
		EED4B3C41F6BAE3A00C2F5E9 = {
			isa = PBXGroup;
			children = (
				EED4B3D71F6E238E00C2F5E9 /* Base64Stream.hpp */,
				EED4B3D81F6E238E00C2F5E9 /* CRC32Stream.hpp */,
				EED4B3D91F6E238E00C2F5E9 /* Exceptions.hpp */,
				EED4B3DA1F6E238E00C2F5E9 /* FileStream.hpp */,
				EED4B3DB1F6E238E00C2F5E9 /* OffsetStream.hpp */,
				EED4B3DC1F6E238E00C2F5E9 /* PartitionStream.hpp */,
				EED4B3DD1F6E238E00C2F5E9 /* SequenceStream.hpp */,
				EED4B3DE1F6E238E00C2F5E9 /* SHA256Stream.hpp */,
				EED4B3DF1F6E238E00C2F5E9 /* StreamBase.hpp */,
				EED4B3E01F6E238E00C2F5E9 /* ZipFileStream.hpp */,
				EED4B3E11F6E238E00C2F5E9 /* ZipStream.hpp */,
				EED4B3CF1F6BAE3A00C2F5E9 /* MacXPlat */,
				EED4B3CE1F6BAE3A00C2F5E9 /* Products */,
			);
			sourceTree = "<group>";
		};
		EED4B3CE1F6BAE3A00C2F5E9 /* Products */ = {
			isa = PBXGroup;
			children = (
				EED4B3CD1F6BAE3A00C2F5E9 /* MacXPlat */,
			);
			name = Products;
			sourceTree = "<group>";
		};
		EED4B3CF1F6BAE3A00C2F5E9 /* MacXPlat */ = {
			isa = PBXGroup;
			children = (
				EED4B3D01F6BAE3A00C2F5E9 /* main.cpp */,
			);
			path = MacXPlat;
			sourceTree = "<group>";
		};
/* End PBXGroup section */

/* Begin PBXNativeTarget section */
		EED4B3CC1F6BAE3A00C2F5E9 /* MacXPlat */ = {
			isa = PBXNativeTarget;
			buildConfigurationList = EED4B3D41F6BAE3A00C2F5E9 /* Build configuration list for PBXNativeTarget "MacXPlat" */;
			buildPhases = (
				EED4B3C91F6BAE3A00C2F5E9 /* Sources */,
				EED4B3CA1F6BAE3A00C2F5E9 /* Frameworks */,
				EED4B3CB1F6BAE3A00C2F5E9 /* CopyFiles */,
			);
			buildRules = (
			);
			dependencies = (
			);
			name = MacXPlat;
			productName = MacXPlat;
			productReference = EED4B3CD1F6BAE3A00C2F5E9 /* MacXPlat */;
			productType = "com.apple.product-type.tool";
		};
/* End PBXNativeTarget section */

/* Begin PBXProject section */
		EED4B3C51F6BAE3A00C2F5E9 /* Project object */ = {
			isa = PBXProject;
			attributes = {
				LastUpgradeCheck = 0800;
				ORGANIZATIONNAME = "Phil Smith";
				TargetAttributes = {
					EED4B3CC1F6BAE3A00C2F5E9 = {
						CreatedOnToolsVersion = 8.0;
						ProvisioningStyle = Automatic;
					};
				};
			};
			buildConfigurationList = EED4B3C81F6BAE3A00C2F5E9 /* Build configuration list for PBXProject "MacXPlat" */;
			compatibilityVersion = "Xcode 3.2";
			developmentRegion = English;
			hasScannedForEncodings = 0;
			knownRegions = (
				en,
			);
			mainGroup = EED4B3C41F6BAE3A00C2F5E9;
			productRefGroup = EED4B3CE1F6BAE3A00C2F5E9 /* Products */;
			projectDirPath = "";
			projectRoot = "";
			targets = (
				EED4B3CC1F6BAE3A00C2F5E9 /* MacXPlat */,
			);
		};
/* End PBXProject section */

/* Begin PBXSourcesBuildPhase section */
		EED4B3C91F6BAE3A00C2F5E9 /* Sources */ = {
			isa = PBXSourcesBuildPhase;
			buildActionMask = 2147483647;
			files = (
				EED4B3D11F6BAE3A00C2F5E9 /* main.cpp in Sources */,
			);
			runOnlyForDeploymentPostprocessing = 0;
		};
/* End PBXSourcesBuildPhase section */

/* Begin XCBuildConfiguration section */
		EED4B3D21F6BAE3A00C2F5E9 /* Debug */ = {
			isa = XCBuildConfiguration;
			buildSettings = {
				ALWAYS_SEARCH_USER_PATHS = NO;
				CLANG_ANALYZER_NONNULL = YES;
				CLANG_CXX_LANGUAGE_STANDARD = "gnu++0x";
				CLANG_CXX_LIBRARY = "libc++";
				CLANG_ENABLE_MODULES = YES;
				CLANG_ENABLE_OBJC_ARC = YES;
				CLANG_WARN_BOOL_CONVERSION = YES;
				CLANG_WARN_CONSTANT_CONVERSION = YES;
				CLANG_WARN_DIRECT_OBJC_ISA_USAGE = YES_ERROR;
				CLANG_WARN_DOCUMENTATION_COMMENTS = YES;
				CLANG_WARN_EMPTY_BODY = YES;
				CLANG_WARN_ENUM_CONVERSION = YES;
				CLANG_WARN_INFINITE_RECURSION = YES;
				CLANG_WARN_INT_CONVERSION = YES;
				CLANG_WARN_OBJC_ROOT_CLASS = YES_ERROR;
				CLANG_WARN_SUSPICIOUS_MOVES = YES;
				CLANG_WARN_UNREACHABLE_CODE = YES;
				CLANG_WARN__DUPLICATE_METHOD_MATCH = YES;
				CODE_SIGN_IDENTITY = "-";
				COPY_PHASE_STRIP = NO;
				DEBUG_INFORMATION_FORMAT = dwarf;
				ENABLE_STRICT_OBJC_MSGSEND = YES;
				ENABLE_TESTABILITY = YES;
				GCC_C_LANGUAGE_STANDARD = gnu99;
				GCC_DYNAMIC_NO_PIC = NO;
				GCC_NO_COMMON_BLOCKS = YES;
				GCC_OPTIMIZATION_LEVEL = 0;
				GCC_PREPROCESSOR_DEFINITIONS = (
					"DEBUG=1",
					"$(inherited)",
				);
				GCC_WARN_64_TO_32_BIT_CONVERSION = YES;
				GCC_WARN_ABOUT_RETURN_TYPE = YES_ERROR;
				GCC_WARN_UNDECLARED_SELECTOR = YES;
				GCC_WARN_UNINITIALIZED_AUTOS = YES_AGGRESSIVE;
				GCC_WARN_UNUSED_FUNCTION = YES;
				GCC_WARN_UNUSED_VARIABLE = YES;
				MACOSX_DEPLOYMENT_TARGET = 10.12;
				MTL_ENABLE_DEBUG_INFO = YES;
				ONLY_ACTIVE_ARCH = YES;
				SDKROOT = macosx;
			};
			name = Debug;
		};
		EED4B3D31F6BAE3A00C2F5E9 /* Release */ = {
			isa = XCBuildConfiguration;
			buildSettings = {
				ALWAYS_SEARCH_USER_PATHS = NO;
				CLANG_ANALYZER_NONNULL = YES;
				CLANG_CXX_LANGUAGE_STANDARD = "gnu++0x";
				CLANG_CXX_LIBRARY = "libc++";
				CLANG_ENABLE_MODULES = YES;
				CLANG_ENABLE_OBJC_ARC = YES;
				CLANG_WARN_BOOL_CONVERSION = YES;
				CLANG_WARN_CONSTANT_CONVERSION = YES;
				CLANG_WARN_DIRECT_OBJC_ISA_USAGE = YES_ERROR;
				CLANG_WARN_DOCUMENTATION_COMMENTS = YES;
				CLANG_WARN_EMPTY_BODY = YES;
				CLANG_WARN_ENUM_CONVERSION = YES;
				CLANG_WARN_INFINITE_RECURSION = YES;
				CLANG_WARN_INT_CONVERSION = YES;
				CLANG_WARN_OBJC_ROOT_CLASS = YES_ERROR;
				CLANG_WARN_SUSPICIOUS_MOVES = YES;
				CLANG_WARN_UNREACHABLE_CODE = YES;
				CLANG_WARN__DUPLICATE_METHOD_MATCH = YES;
				CODE_SIGN_IDENTITY = "-";
				COPY_PHASE_STRIP = NO;
				DEBUG_INFORMATION_FORMAT = "dwarf-with-dsym";
				ENABLE_NS_ASSERTIONS = NO;
				ENABLE_STRICT_OBJC_MSGSEND = YES;
				GCC_C_LANGUAGE_STANDARD = gnu99;
				GCC_NO_COMMON_BLOCKS = YES;
				GCC_WARN_64_TO_32_BIT_CONVERSION = YES;
				GCC_WARN_ABOUT_RETURN_TYPE = YES_ERROR;
				GCC_WARN_UNDECLARED_SELECTOR = YES;
				GCC_WARN_UNINITIALIZED_AUTOS = YES_AGGRESSIVE;
				GCC_WARN_UNUSED_FUNCTION = YES;
				GCC_WARN_UNUSED_VARIABLE = YES;
				MACOSX_DEPLOYMENT_TARGET = 10.12;
				MTL_ENABLE_DEBUG_INFO = NO;
				SDKROOT = macosx;
			};
			name = Release;
		};
		EED4B3D51F6BAE3A00C2F5E9 /* Debug */ = {
			isa = XCBuildConfiguration;
			buildSettings = {
				PRODUCT_NAME = "$(TARGET_NAME)";
			};
			name = Debug;
		};
		EED4B3D61F6BAE3A00C2F5E9 /* Release */ = {
			isa = XCBuildConfiguration;
			buildSettings = {
				PRODUCT_NAME = "$(TARGET_NAME)";
			};
			name = Release;
		};
/* End XCBuildConfiguration section */

/* Begin XCConfigurationList section */
		EED4B3C81F6BAE3A00C2F5E9 /* Build configuration list for PBXProject "MacXPlat" */ = {
			isa = XCConfigurationList;
			buildConfigurations = (
				EED4B3D21F6BAE3A00C2F5E9 /* Debug */,
				EED4B3D31F6BAE3A00C2F5E9 /* Release */,
			);
			defaultConfigurationIsVisible = 0;
			defaultConfigurationName = Release;
		};
		EED4B3D41F6BAE3A00C2F5E9 /* Build configuration list for PBXNativeTarget "MacXPlat" */ = {
			isa = XCConfigurationList;
			buildConfigurations = (
				EED4B3D51F6BAE3A00C2F5E9 /* Debug */,
				EED4B3D61F6BAE3A00C2F5E9 /* Release */,
			);
			defaultConfigurationIsVisible = 0;
		};
/* End XCConfigurationList section */
	};
	rootObject = EED4B3C51F6BAE3A00C2F5E9 /* Project object */;
}
