<?xml version="1.0" encoding="utf-8"?>
<Project ToolsVersion="4.0" xmlns="http://schemas.microsoft.com/developer/msbuild/2003">
  <ItemGroup>
    <ClCompile Include="..\..\src\xPlatAppx\xPlatAppx.cpp" />
    <ClCompile Include="..\..\src\xPlatAppx\ZipStream.cpp" />
  </ItemGroup>
  <ItemGroup>
    <ClInclude Include="..\..\lib\zlib\zlib.h" />
    <ClInclude Include="..\..\src\inc\Base64Stream.hpp" />
    <ClInclude Include="..\..\src\inc\CRC32Stream.hpp" />
    <ClInclude Include="..\..\src\inc\Exceptions.hpp" />
    <ClInclude Include="..\..\src\inc\FileStream.hpp" />
    <ClInclude Include="..\..\src\inc\OffsetStream.hpp" />
    <ClInclude Include="..\..\src\inc\PartitionStream.hpp" />
    <ClInclude Include="..\..\src\inc\SequenceStream.hpp" />
    <ClInclude Include="..\..\src\inc\SHA256Stream.hpp" />
    <ClInclude Include="..\..\src\inc\StreamBase.hpp" />
    <ClInclude Include="..\..\src\inc\xPlatAppx.hpp" />
    <ClInclude Include="..\..\src\inc\ZipFileStream.hpp" />
    <ClInclude Include="..\..\src\inc\ZipStream.hpp" />
  </ItemGroup>
</Project>