Microsoft Visual Studio Solution File, Format Version 12.00
# Visual Studio 15
VisualStudioVersion = 15.0.26730.16
MinimumVisualStudioVersion = 10.0.40219.1
Project("{8BC9CEB8-8B4A-11D0-8D11-00A0C91BC942}") = "xPlatAppx", "xPlatAppx.vcxproj", "{898221ED-E7C3-44C3-8859-330BBB50C567}"
EndProject
Project("{8BC9CEB8-8B4A-11D0-8D11-00A0C91BC942}") = "zlibstatAndroid", "..\..\lib\zlibstatAndroid.vcxproj", "{3B165978-7233-4741-87FE-EC33E0A25232}"
EndProject
Global
	GlobalSection(SolutionConfigurationPlatforms) = preSolution
		Debug|ARM = Debug|ARM
		Debug|x86 = Debug|x86
		Release|ARM = Release|ARM
		Release|x86 = Release|x86
	EndGlobalSection
	GlobalSection(ProjectConfigurationPlatforms) = postSolution
		{898221ED-E7C3-44C3-8859-330BBB50C567}.Debug|ARM.ActiveCfg = Debug|ARM
		{898221ED-E7C3-44C3-8859-330BBB50C567}.Debug|ARM.Build.0 = Debug|ARM
		{898221ED-E7C3-44C3-8859-330BBB50C567}.Debug|x86.ActiveCfg = Debug|x86
		{898221ED-E7C3-44C3-8859-330BBB50C567}.Debug|x86.Build.0 = Debug|x86
		{898221ED-E7C3-44C3-8859-330BBB50C567}.Release|ARM.ActiveCfg = Release|ARM
		{898221ED-E7C3-44C3-8859-330BBB50C567}.Release|ARM.Build.0 = Release|ARM
		{898221ED-E7C3-44C3-8859-330BBB50C567}.Release|x86.ActiveCfg = Release|x86
		{898221ED-E7C3-44C3-8859-330BBB50C567}.Release|x86.Build.0 = Release|x86
		{3B165978-7233-4741-87FE-EC33E0A25232}.Debug|ARM.ActiveCfg = Debug|ARM
		{3B165978-7233-4741-87FE-EC33E0A25232}.Debug|ARM.Build.0 = Debug|ARM
		{3B165978-7233-4741-87FE-EC33E0A25232}.Debug|x86.ActiveCfg = Debug|x86
		{3B165978-7233-4741-87FE-EC33E0A25232}.Debug|x86.Build.0 = Debug|x86
		{3B165978-7233-4741-87FE-EC33E0A25232}.Release|ARM.ActiveCfg = Release|ARM
		{3B165978-7233-4741-87FE-EC33E0A25232}.Release|ARM.Build.0 = Release|ARM
		{3B165978-7233-4741-87FE-EC33E0A25232}.Release|x86.ActiveCfg = Release|x86
		{3B165978-7233-4741-87FE-EC33E0A25232}.Release|x86.Build.0 = Release|x86
	EndGlobalSection
	GlobalSection(SolutionProperties) = preSolution
		HideSolutionNode = FALSE
	EndGlobalSection
	GlobalSection(ExtensibilityGlobals) = postSolution
		SolutionGuid = {3E5D06AE-0F9E-45D2-8DF3-B73D686AEE6A}
		        SolutionGuid = {57ECB58D-C3DC-40C9-A274-5325E5E6D2AE}
	EndGlobalSection
EndGlobal
