<?xml version="1.0" encoding="utf-8"?>
<Project ToolsVersion="4.0" xmlns="http://schemas.microsoft.com/developer/msbuild/2003">
  <ItemGroup>
    <ClCompile Include="..\..\src\xPlatAppx\xPlatAppx.cpp" />
    <ClCompile Include="..\..\src\xPlatAppx\AppxPackageObject.cpp" />
    <ClCompile Include="..\..\src\xPlatAppx\InflateStream.cpp" />
    <ClCompile Include="..\..\src\xPlatAppx\PAL\FileSystem\FTS\DirectoryObject.cpp" />
    <ClCompile Include="..\..\src\xPlatAppx\ZipFileStream.cpp" />
    <ClCompile Include="..\..\src\xPlatAppx\ZipObject.cpp" />
    <ClCompile Include="..\..\src\xPlatAppx\AppxPackaging_i.cpp" />
  </ItemGroup>
  <ItemGroup>
    <ClInclude Include="..\..\src\inc\Base64Stream.hpp" />
    <ClInclude Include="..\..\src\inc\CRC32Stream.hpp" />
    <ClInclude Include="..\..\src\inc\Exceptions.hpp" />
    <ClInclude Include="..\..\src\inc\FileStream.hpp" />
    <ClInclude Include="..\..\src\inc\OffsetStream.hpp" />
    <ClInclude Include="..\..\src\inc\PartitionStream.hpp" />
    <ClInclude Include="..\..\src\inc\SequenceStream.hpp" />
    <ClInclude Include="..\..\src\inc\SHA256Stream.hpp" />
    <ClInclude Include="..\..\src\inc\StreamBase.hpp" />
    <ClInclude Include="..\..\src\inc\xPlatAppx.hpp" />
    <ClInclude Include="..\..\src\inc\ZipFileStream.hpp" />
    <ClInclude Include="..\..\src\inc\ZipObject.hpp" />
    <ClInclude Include="..\..\src\inc\ObjectBase.hpp" />
    <ClInclude Include="..\..\src\inc\StorageObject.hpp" />
    <ClInclude Include="..\..\src\inc\DirectoryObject.hpp" />
    <ClInclude Include="..\..\src\inc\InflateStream.hpp" />
    <ClInclude Include="..\..\src\inc\AppxPackageObject.hpp" />
    <ClInclude Include="..\..\src\inc\AppxPackaging.hpp" />
    <ClInclude Include="..\..\src\inc\AppxWindows.hpp" />
    <ClInclude Include="..\..\src\xPlatAppx\AppxBlockMapObject.cpp" />
    <ClInclude Include="..\..\src\inc\ComHelper.hpp" />
    <ClInclude Include="..\..\src\inc\AppxBlockMapObject.hpp" />
    <ClInclude Include="..\..\src\inc\AppxFactory.hpp" />
  </ItemGroup>
</Project>