
Microsoft Visual Studio Solution File, Format Version 12.00
# Visual Studio 15
VisualStudioVersion = 15.0.26730.16
MinimumVisualStudioVersion = 10.0.40219.1
Project("{8BC9CEB8-8B4A-11D0-8D11-00A0C91BC942}") = "xPlatAppx", "xPlatAppx.vcxproj", "{551BFACC-BCBF-4D65-A0DE-3AA48F79005E}"
	ProjectSection(ProjectDependencies) = postProject
		{745DEC58-EBB3-47A9-A9B8-4C6627C01BF8} = {745DEC58-EBB3-47A9-A9B8-4C6627C01BF8}
	EndProjectSection
EndProject
Project("{8BC9CEB8-8B4A-11D0-8D11-00A0C91BC942}") = "MakeXplat", "..\MakeXplat\MakeXplat.vcxproj", "{DF94CAB2-8668-4B3A-809D-CE3AD0E9B63E}"
EndProject
Project("{8BC9CEB8-8B4A-11D0-8D11-00A0C91BC942}") = "zlibstat", "..\..\lib\zlibstat.vcxproj", "{745DEC58-EBB3-47A9-A9B8-4C6627C01BF8}"
EndProject
Global
	GlobalSection(SolutionConfigurationPlatforms) = preSolution
		Debug|x64 = Debug|x64
		Debug|x86 = Debug|x86
		Release|x64 = Release|x64
		Release|x86 = Release|x86
	EndGlobalSection
	GlobalSection(ProjectConfigurationPlatforms) = postSolution
		{551BFACC-BCBF-4D65-A0DE-3AA48F79005E}.Debug|x64.ActiveCfg = Debug|x64
		{551BFACC-BCBF-4D65-A0DE-3AA48F79005E}.Debug|x64.Build.0 = Debug|x64
		{551BFACC-BCBF-4D65-A0DE-3AA48F79005E}.Debug|x86.ActiveCfg = Debug|Win32
		{551BFACC-BCBF-4D65-A0DE-3AA48F79005E}.Debug|x86.Build.0 = Debug|Win32
		{551BFACC-BCBF-4D65-A0DE-3AA48F79005E}.Release|x64.ActiveCfg = Release|x64
		{551BFACC-BCBF-4D65-A0DE-3AA48F79005E}.Release|x64.Build.0 = Release|x64
		{551BFACC-BCBF-4D65-A0DE-3AA48F79005E}.Release|x86.ActiveCfg = Release|Win32
		{551BFACC-BCBF-4D65-A0DE-3AA48F79005E}.Release|x86.Build.0 = Release|Win32
		{DF94CAB2-8668-4B3A-809D-CE3AD0E9B63E}.Debug|x64.ActiveCfg = Debug|x64
		{DF94CAB2-8668-4B3A-809D-CE3AD0E9B63E}.Debug|x64.Build.0 = Debug|x64
		{DF94CAB2-8668-4B3A-809D-CE3AD0E9B63E}.Debug|x86.ActiveCfg = Debug|Win32
		{DF94CAB2-8668-4B3A-809D-CE3AD0E9B63E}.Debug|x86.Build.0 = Debug|Win32
		{DF94CAB2-8668-4B3A-809D-CE3AD0E9B63E}.Release|x64.ActiveCfg = Release|x64
		{DF94CAB2-8668-4B3A-809D-CE3AD0E9B63E}.Release|x64.Build.0 = Release|x64
		{DF94CAB2-8668-4B3A-809D-CE3AD0E9B63E}.Release|x86.ActiveCfg = Release|Win32
		{DF94CAB2-8668-4B3A-809D-CE3AD0E9B63E}.Release|x86.Build.0 = Release|Win32
		{745DEC58-EBB3-47A9-A9B8-4C6627C01BF8}.Debug|x64.ActiveCfg = Debug|x64
		{745DEC58-EBB3-47A9-A9B8-4C6627C01BF8}.Debug|x64.Build.0 = Debug|x64
		{745DEC58-EBB3-47A9-A9B8-4C6627C01BF8}.Debug|x86.ActiveCfg = Debug|Win32
		{745DEC58-EBB3-47A9-A9B8-4C6627C01BF8}.Debug|x86.Build.0 = Debug|Win32
		{745DEC58-EBB3-47A9-A9B8-4C6627C01BF8}.Release|x64.ActiveCfg = Release|x64
		{745DEC58-EBB3-47A9-A9B8-4C6627C01BF8}.Release|x64.Build.0 = Release|x64
		{745DEC58-EBB3-47A9-A9B8-4C6627C01BF8}.Release|x86.ActiveCfg = Release|Win32
		{745DEC58-EBB3-47A9-A9B8-4C6627C01BF8}.Release|x86.Build.0 = Release|Win32
	EndGlobalSection
	GlobalSection(SolutionProperties) = preSolution
		HideSolutionNode = FALSE
	EndGlobalSection
	GlobalSection(ExtensibilityGlobals) = postSolution
		SolutionGuid = {597FEA1D-2EF7-4CC5-A5FC-7E2F339A6765}
	EndGlobalSection
EndGlobal
