<?xml version="1.0" encoding="utf-8"?>
<Project ToolsVersion="4.0" xmlns="http://schemas.microsoft.com/developer/msbuild/2003">
  <ItemGroup>
    <Filter Include="Source Files">
      <UniqueIdentifier>{4FC737F1-C7A5-4376-A066-2A32D752A2FF}</UniqueIdentifier>
      <Extensions>cpp;c;cc;cxx;def;odl;idl;hpj;bat;asm;asmx</Extensions>
    </Filter>
    <Filter Include="Header Files">
      <UniqueIdentifier>{93995380-89BD-4b04-88EB-625FBE52EBFB}</UniqueIdentifier>
      <Extensions>h;hh;hpp;hxx;hm;inl;inc;ipp;xsd</Extensions>
    </Filter>
    <Filter Include="Resource Files">
      <UniqueIdentifier>{67DA6AB6-F800-4c08-8B7A-83BB121AAD01}</UniqueIdentifier>
      <Extensions>rc;ico;cur;bmp;dlg;rc2;rct;bin;rgs;gif;jpg;jpeg;jpe;resx;tiff;tif;png;wav;mfcribbon-ms</Extensions>
    </Filter>
  </ItemGroup>
  <ItemGroup>
    <ClInclude Include="CommandLineInterface.hpp">
      <Filter>Header Files</Filter>
    </ClInclude>
    <ClInclude Include="MsixRequest.hpp">
      <Filter>Header Files</Filter>
    </ClInclude>
    <ClInclude Include="IPackageHandler.hpp">
      <Filter>Header Files</Filter>
    </ClInclude>
    <ClInclude Include="PackageInfo.hpp">
      <Filter>Header Files</Filter>
    </ClInclude>
    <ClInclude Include="PopulatePackageInfo.hpp">
      <Filter>Header Files</Filter>
    </ClInclude>
    <ClInclude Include="StartMenuLink.hpp">
      <Filter>Header Files</Filter>
    </ClInclude>
    <ClInclude Include="AddRemovePrograms.hpp">
      <Filter>Header Files</Filter>
    </ClInclude>
    <ClInclude Include="FileTypeAssociation.hpp">
      <Filter>Header Files</Filter>
    </ClInclude>
    <ClInclude Include="Protocol.hpp">
      <Filter>Header Files</Filter>
    </ClInclude>
    <ClInclude Include="RegistryDevirtualizer.hpp">
      <Filter>Header Files</Filter>
    </ClInclude>
    <ClInclude Include="RegistryKey.hpp">
      <Filter>Header Files</Filter>
    </ClInclude>
    <ClInclude Include="Extractor.hpp">
      <Filter>Header Files</Filter>
    </ClInclude>
    <ClInclude Include="FilePaths.hpp">
      <Filter>Header Files</Filter>
    </ClInclude>
    <ClInclude Include="FootprintFiles.hpp">
      <Filter>Header Files</Filter>
    </ClInclude>
    <ClInclude Include="GeneralUtil.hpp">
      <Filter>Header Files</Filter>
    </ClInclude>
    <ClInclude Include="InstallUI.hpp">
      <Filter>Header Files</Filter>
    </ClInclude>
    <ClInclude Include="resource.h">
      <Filter>Header Files</Filter>
    </ClInclude>
    <ClInclude Include="Constants.hpp">
      <Filter>Header Files</Filter>
    </ClInclude>
    <ClInclude Include="..\..\..\.vs\src\msix\AppxPackaging.hpp">
      <Filter>Header Files</Filter>
    </ClInclude>
    <ClInclude Include="..\..\..\.vs\src\msix\MSIXWindows.hpp">
      <Filter>Header Files</Filter>
    </ClInclude>
    <ClInclude Include="InstallComplete.hpp">
      <Filter>Header Files</Filter>
    </ClInclude>
    <ClInclude Include="MsixResponse.hpp">
      <Filter>Header Files</Filter>
    </ClInclude>
  </ItemGroup>
  <ItemGroup>
    <ClCompile Include="Win7MSIXInstaller.cpp">
      <Filter>Source Files</Filter>
    </ClCompile>
    <ClCompile Include="GeneralUtil.cpp">
      <Filter>Source Files</Filter>
    </ClCompile>
    <ClCompile Include="Extractor.cpp">
      <Filter>Source Files</Filter>
    </ClCompile>
    <ClCompile Include="FilePaths.cpp">
      <Filter>Source Files</Filter>
    </ClCompile>
    <ClCompile Include="InstallUI.cpp">
      <Filter>Source Files</Filter>
    </ClCompile>
    <ClCompile Include="MsixRequest.cpp">
      <Filter>Source Files</Filter>
    </ClCompile>
    <ClCompile Include="CommandLineInterface.cpp">
      <Filter>Source Files</Filter>
    </ClCompile>
    <ClCompile Include="PopulatePackageInfo.cpp">
      <Filter>Source Files</Filter>
    </ClCompile>
    <ClCompile Include="StartMenuLink.cpp">
      <Filter>Source Files</Filter>
    </ClCompile>
    <ClCompile Include="AddRemovePrograms.cpp">
      <Filter>Source Files</Filter>
    </ClCompile>
    <ClCompile Include="FileTypeAssociation.cpp">
      <Filter>Source Files</Filter>
    </ClCompile>
    <ClCompile Include="Protocol.cpp">
      <Filter>Source Files</Filter>
    </ClCompile>
    <ClCompile Include="RegistryDevirtualizer.cpp">
      <Filter>Source Files</Filter>
    </ClCompile>
    <ClCompile Include="RegistryKey.cpp">
      <Filter>Source Files</Filter>
    </ClCompile>
    <ClCompile Include="PackageInfo.cpp">
      <Filter>Source Files</Filter>
    </ClCompile>
    <ClCompile Include="InstallComplete.cpp">
      <Filter>Source Files</Filter>
    </ClCompile>
    <ClCompile Include="MsixResponse.cpp">
      <Filter>Source Files</Filter>
    </ClCompile>
  </ItemGroup>
  <ItemGroup>
    <ResourceCompile Include="Win7MSIXInstaller.rc">
      <Filter>Resource Files</Filter>
    </ResourceCompile>
  </ItemGroup>
  <ItemGroup>
    <Image Include="icon1.ico">
      <Filter>Resource Files</Filter>
    </Image>
    <Image Include="icon2.ico">
      <Filter>Resource Files</Filter>
    </Image>
  </ItemGroup>
</Project>