Microsoft Visual Studio Solution File, Format Version 12.00
# Visual Studio 15
VisualStudioVersion = 15.0.26730.16
MinimumVisualStudioVersion = 10.0.40219.1
Project("{8BC9CEB8-8B4A-11D0-8D11-00A0C91BC942}") = "xPlatAppx", "xPlatAppx.vcxproj", "{D914BD8A-FEAA-483C-8C3B-09DE43B98057}"
	ProjectSection(ProjectDependencies) = postProject
		{0DB96B65-AE6A-4F70-8A6E-81D5CF91DFE5} = {0DB96B65-AE6A-4F70-8A6E-81D5CF91DFE5}
	EndProjectSection
EndProject
Project("{8BC9CEB8-8B4A-11D0-8D11-00A0C91BC942}") = "zlibstatLinux", "..\..\lib\zlibstatLinux.vcxproj", "{0DB96B65-AE6A-4F70-8A6E-81D5CF91DFE5}"
EndProject
Global
	GlobalSection(SolutionConfigurationPlatforms) = preSolution
		Debug|ARM = Debug|ARM
		Debug|x64 = Debug|x64
		Debug|x86 = Debug|x86
		Release|ARM = Release|ARM
		Release|x64 = Release|x64
		Release|x86 = Release|x86
	EndGlobalSection
	GlobalSection(ProjectConfigurationPlatforms) = postSolution
		{D914BD8A-FEAA-483C-8C3B-09DE43B98057}.Debug|ARM.ActiveCfg = Debug|x86
		{D914BD8A-FEAA-483C-8C3B-09DE43B98057}.Debug|x64.ActiveCfg = Debug|x64
		{D914BD8A-FEAA-483C-8C3B-09DE43B98057}.Debug|x64.Build.0 = Debug|x64
		{D914BD8A-FEAA-483C-8C3B-09DE43B98057}.Debug|x86.ActiveCfg = Debug|x86
		{D914BD8A-FEAA-483C-8C3B-09DE43B98057}.Debug|x86.Build.0 = Debug|x86
		{D914BD8A-FEAA-483C-8C3B-09DE43B98057}.Release|ARM.ActiveCfg = Release|x86
		{D914BD8A-FEAA-483C-8C3B-09DE43B98057}.Release|x64.ActiveCfg = Release|x64
		{D914BD8A-FEAA-483C-8C3B-09DE43B98057}.Release|x64.Build.0 = Release|x64
		{D914BD8A-FEAA-483C-8C3B-09DE43B98057}.Release|x86.ActiveCfg = Release|x86
		{D914BD8A-FEAA-483C-8C3B-09DE43B98057}.Release|x86.Build.0 = Release|x86
		{0DB96B65-AE6A-4F70-8A6E-81D5CF91DFE5}.Debug|ARM.ActiveCfg = Debug|x86
		{0DB96B65-AE6A-4F70-8A6E-81D5CF91DFE5}.Debug|x64.ActiveCfg = Debug|x86
		{0DB96B65-AE6A-4F70-8A6E-81D5CF91DFE5}.Debug|x86.ActiveCfg = Debug|x86
		{0DB96B65-AE6A-4F70-8A6E-81D5CF91DFE5}.Debug|x86.Build.0 = Debug|x86
		{0DB96B65-AE6A-4F70-8A6E-81D5CF91DFE5}.Release|ARM.ActiveCfg = Release|x86
		{0DB96B65-AE6A-4F70-8A6E-81D5CF91DFE5}.Release|x64.ActiveCfg = Release|x86
		{0DB96B65-AE6A-4F70-8A6E-81D5CF91DFE5}.Release|x86.ActiveCfg = Release|x86
		{0DB96B65-AE6A-4F70-8A6E-81D5CF91DFE5}.Release|x86.Build.0 = Release|x86
	EndGlobalSection
	GlobalSection(SolutionProperties) = preSolution
		HideSolutionNode = FALSE
	EndGlobalSection
	GlobalSection(ExtensibilityGlobals) = postSolution
		SolutionGuid = {FBFF2301-AA80-457F-8705-9AC74F4221E2}
		        SolutionGuid = {11120DC9-2243-48BB-9B69-57399585D26E}
	EndGlobalSection
EndGlobal
